// !$*UTF8*$!
{
	archiveVersion = 1;
	classes = {
	};
	objectVersion = 56;
	objects = {

/* Begin PBXBuildFile section */
		4551ED0A2B6C6E5000E6C11D /* SwiftUIView.swift in Sources */ = {isa = PBXBuildFile; fileRef = 4551ED092B6C6E5000E6C11D /* SwiftUIView.swift */; };
		456CAEA02B6479D5006F61CD /* ModelData.swift in Sources */ = {isa = PBXBuildFile; fileRef = 456CAE9F2B6479D5006F61CD /* ModelData.swift */; };
		456CAEA52B647B4A006F61CD /* LandmarkRow.swift in Sources */ = {isa = PBXBuildFile; fileRef = 456CAEA42B647B4A006F61CD /* LandmarkRow.swift */; };
		456CAEA72B647DDB006F61CD /* LandmarkList.swift in Sources */ = {isa = PBXBuildFile; fileRef = 456CAEA62B647DDB006F61CD /* LandmarkList.swift */; };
		456CAEA92B647EB9006F61CD /* LandmarkDetail.swift in Sources */ = {isa = PBXBuildFile; fileRef = 456CAEA82B647EB9006F61CD /* LandmarkDetail.swift */; };
		456CAEAB2B65ED1A006F61CD /* FavoriteButton.swift in Sources */ = {isa = PBXBuildFile; fileRef = 456CAEAA2B65ED1A006F61CD /* FavoriteButton.swift */; };
		456CAEAF2B65F783006F61CD /* HexagonParameters.swift in Sources */ = {isa = PBXBuildFile; fileRef = 456CAEAE2B65F783006F61CD /* HexagonParameters.swift */; };
		456CAEB12B65F8D0006F61CD /* BadgeBackground.swift in Sources */ = {isa = PBXBuildFile; fileRef = 456CAEB02B65F8D0006F61CD /* BadgeBackground.swift */; };
		456CAEB32B65FCC9006F61CD /* BadgeSymbol.swift in Sources */ = {isa = PBXBuildFile; fileRef = 456CAEB22B65FCC9006F61CD /* BadgeSymbol.swift */; };
		45E3BA362BE1806500C6193A /* RotatedBadgeSymbol.swift in Sources */ = {isa = PBXBuildFile; fileRef = 45E3BA352BE1806500C6193A /* RotatedBadgeSymbol.swift */; };
		45E3BA382BE180B600C6193A /* Badge.swift in Sources */ = {isa = PBXBuildFile; fileRef = 45E3BA372BE180B600C6193A /* Badge.swift */; };
		45E3BA3B2BE182AF00C6193A /* hikeData.json in Resources */ = {isa = PBXBuildFile; fileRef = 45E3BA3A2BE182AF00C6193A /* hikeData.json */; };
		45E3BA3D2BE182CA00C6193A /* Hike.swift in Sources */ = {isa = PBXBuildFile; fileRef = 45E3BA3C2BE182CA00C6193A /* Hike.swift */; };
		45E3BA452BE183D200C6193A /* GraphCapsule.swift in Sources */ = {isa = PBXBuildFile; fileRef = 45E3BA412BE183D200C6193A /* GraphCapsule.swift */; };
		45E3BA462BE183D200C6193A /* HikeGraph.swift in Sources */ = {isa = PBXBuildFile; fileRef = 45E3BA422BE183D200C6193A /* HikeGraph.swift */; };
		45E3BA472BE183D200C6193A /* HikeDetail.swift in Sources */ = {isa = PBXBuildFile; fileRef = 45E3BA432BE183D200C6193A /* HikeDetail.swift */; };
		45E3BA482BE183D200C6193A /* HikeView.swift in Sources */ = {isa = PBXBuildFile; fileRef = 45E3BA442BE183D200C6193A /* HikeView.swift */; };
		45E3BA4B2BE1882300C6193A /* CategoryHome.swift in Sources */ = {isa = PBXBuildFile; fileRef = 45E3BA4A2BE1882300C6193A /* CategoryHome.swift */; };
		45E3BA4D2BE18A2800C6193A /* CategoryRow.swift in Sources */ = {isa = PBXBuildFile; fileRef = 45E3BA4C2BE18A2800C6193A /* CategoryRow.swift */; };
		45E3BA4F2BE18B6900C6193A /* CategoryItem.swift in Sources */ = {isa = PBXBuildFile; fileRef = 45E3BA4E2BE18B6900C6193A /* CategoryItem.swift */; };
		45E3BA512BE1A06F00C6193A /* Profile.swift in Sources */ = {isa = PBXBuildFile; fileRef = 45E3BA502BE1A06F00C6193A /* Profile.swift */; };
		45E3BA542BE1A11500C6193A /* ProfileHost.swift in Sources */ = {isa = PBXBuildFile; fileRef = 45E3BA532BE1A11500C6193A /* ProfileHost.swift */; };
		45E3BA562BE1A17D00C6193A /* ProfileSummary.swift in Sources */ = {isa = PBXBuildFile; fileRef = 45E3BA552BE1A17D00C6193A /* ProfileSummary.swift */; };
		45E3BA582BE1A2D400C6193A /* HikeBadge.swift in Sources */ = {isa = PBXBuildFile; fileRef = 45E3BA572BE1A2D400C6193A /* HikeBadge.swift */; };
		45E3BA5A2BE1A79900C6193A /* ProfileEditor.swift in Sources */ = {isa = PBXBuildFile; fileRef = 45E3BA592BE1A79900C6193A /* ProfileEditor.swift */; };
		45EF28DB2B5F307300B57F1C /* LandmarksApp.swift in Sources */ = {isa = PBXBuildFile; fileRef = 45EF28DA2B5F307300B57F1C /* LandmarksApp.swift */; };
		45EF28DD2B5F307300B57F1C /* ContentView.swift in Sources */ = {isa = PBXBuildFile; fileRef = 45EF28DC2B5F307300B57F1C /* ContentView.swift */; };
		45EF28DF2B5F307600B57F1C /* Assets.xcassets in Resources */ = {isa = PBXBuildFile; fileRef = 45EF28DE2B5F307600B57F1C /* Assets.xcassets */; };
		45EF28E22B5F307600B57F1C /* Preview Assets.xcassets in Resources */ = {isa = PBXBuildFile; fileRef = 45EF28E12B5F307600B57F1C /* Preview Assets.xcassets */; };
		45EF28EC2B5F307600B57F1C /* LandmarksTests.swift in Sources */ = {isa = PBXBuildFile; fileRef = 45EF28EB2B5F307600B57F1C /* LandmarksTests.swift */; };
		45EF28F62B5F307600B57F1C /* LandmarksUITests.swift in Sources */ = {isa = PBXBuildFile; fileRef = 45EF28F52B5F307600B57F1C /* LandmarksUITests.swift */; };
		45EF28F82B5F307600B57F1C /* LandmarksUITestsLaunchTests.swift in Sources */ = {isa = PBXBuildFile; fileRef = 45EF28F72B5F307600B57F1C /* LandmarksUITestsLaunchTests.swift */; };
		45EF29052B5F32FA00B57F1C /* CircleImage.swift in Sources */ = {isa = PBXBuildFile; fileRef = 45EF29042B5F32FA00B57F1C /* CircleImage.swift */; };
		45EF29072B5F337000B57F1C /* MapView.swift in Sources */ = {isa = PBXBuildFile; fileRef = 45EF29062B5F337000B57F1C /* MapView.swift */; };
		45EF29092B5F376000B57F1C /* landmarkData.json in Resources */ = {isa = PBXBuildFile; fileRef = 45EF29082B5F376000B57F1C /* landmarkData.json */; };
		45EF290B2B5F377C00B57F1C /* Landmark.swift in Sources */ = {isa = PBXBuildFile; fileRef = 45EF290A2B5F377C00B57F1C /* Landmark.swift */; };
		BE1D3B092BE9D339008E965C /* landmarkData.json in Resources */ = {isa = PBXBuildFile; fileRef = 45EF29082B5F376000B57F1C /* landmarkData.json */; };
		BE1D3B0A2BE9D339008E965C /* hikeData.json in Resources */ = {isa = PBXBuildFile; fileRef = 45E3BA3A2BE182AF00C6193A /* hikeData.json */; };
		BE1D3B0B2BE9D339008E965C /* Assets.xcassets in Resources */ = {isa = PBXBuildFile; fileRef = 45EF28DE2B5F307600B57F1C /* Assets.xcassets */; };
		BE1D3B0C2BE9D339008E965C /* LandmarksApp.swift in Sources */ = {isa = PBXBuildFile; fileRef = 45EF28DA2B5F307300B57F1C /* LandmarksApp.swift */; };
		BE1D3B0D2BE9D339008E965C /* Hike.swift in Sources */ = {isa = PBXBuildFile; fileRef = 45E3BA3C2BE182CA00C6193A /* Hike.swift */; };
		BE1D3B0E2BE9D339008E965C /* LandmarkList.swift in Sources */ = {isa = PBXBuildFile; fileRef = 456CAEA62B647DDB006F61CD /* LandmarkList.swift */; };
		BE1D3B0F2BE9D339008E965C /* FavoriteButton.swift in Sources */ = {isa = PBXBuildFile; fileRef = 456CAEAA2B65ED1A006F61CD /* FavoriteButton.swift */; };
		BE1D3B102BE9D339008E965C /* Landmark.swift in Sources */ = {isa = PBXBuildFile; fileRef = 45EF290A2B5F377C00B57F1C /* Landmark.swift */; };
		BE1D3B112BE9D339008E965C /* MapView.swift in Sources */ = {isa = PBXBuildFile; fileRef = 45EF29062B5F337000B57F1C /* MapView.swift */; };
		BE1D3B122BE9D339008E965C /* ModelData.swift in Sources */ = {isa = PBXBuildFile; fileRef = 456CAE9F2B6479D5006F61CD /* ModelData.swift */; };
		BE1D3B132BE9D339008E965C /* LandmarkRow.swift in Sources */ = {isa = PBXBuildFile; fileRef = 456CAEA42B647B4A006F61CD /* LandmarkRow.swift */; };
		BE1D3B142BE9D339008E965C /* CircleImage.swift in Sources */ = {isa = PBXBuildFile; fileRef = 45EF29042B5F32FA00B57F1C /* CircleImage.swift */; };
		BE1D3B152BE9D339008E965C /* Profile.swift in Sources */ = {isa = PBXBuildFile; fileRef = 45E3BA502BE1A06F00C6193A /* Profile.swift */; };
		BE1D3B172BE9D3B8008E965C /* LandmarkDetail.swift in Sources */ = {isa = PBXBuildFile; fileRef = BE1D3B162BE9D3B8008E965C /* LandmarkDetail.swift */; };
		BE1D3B192BE9D859008E965C /* LandmarkList.swift in Sources */ = {isa = PBXBuildFile; fileRef = BE1D3B182BE9D859008E965C /* LandmarkList.swift */; };
		BE2EC7FA2BE9DDB800366417 /* LandmarkCommands.swift in Sources */ = {isa = PBXBuildFile; fileRef = BE2EC7F92BE9DDB800366417 /* LandmarkCommands.swift */; };
		BE2EC7FB2BE9DDB800366417 /* LandmarkCommands.swift in Sources */ = {isa = PBXBuildFile; fileRef = BE2EC7F92BE9DDB800366417 /* LandmarkCommands.swift */; };
		BE2EC7FE2BE9E23900366417 /* LandmarkSettings.swift in Sources */ = {isa = PBXBuildFile; fileRef = BE2EC7FC2BE9E23900366417 /* LandmarkSettings.swift */; };
		BE41D8CB2BE97D7E00329BF4 /* ContentView.swift in Sources */ = {isa = PBXBuildFile; fileRef = BE41D8CA2BE97D7E00329BF4 /* ContentView.swift */; };
		BE41D8CD2BE97D7F00329BF4 /* Assets.xcassets in Resources */ = {isa = PBXBuildFile; fileRef = BE41D8CC2BE97D7F00329BF4 /* Assets.xcassets */; };
		BE41D8D02BE97D7F00329BF4 /* Preview Assets.xcassets in Resources */ = {isa = PBXBuildFile; fileRef = BE41D8CF2BE97D7F00329BF4 /* Preview Assets.xcassets */; };
		BE41D8DA2BE97D7F00329BF4 /* WatchLandmarks_Watch_AppTests.swift in Sources */ = {isa = PBXBuildFile; fileRef = BE41D8D92BE97D7F00329BF4 /* WatchLandmarks_Watch_AppTests.swift */; };
		BE41D8E42BE97D7F00329BF4 /* WatchLandmarks_Watch_AppUITests.swift in Sources */ = {isa = PBXBuildFile; fileRef = BE41D8E32BE97D7F00329BF4 /* WatchLandmarks_Watch_AppUITests.swift */; };
		BE41D8E62BE97D7F00329BF4 /* WatchLandmarks_Watch_AppUITestsLaunchTests.swift in Sources */ = {isa = PBXBuildFile; fileRef = BE41D8E52BE97D7F00329BF4 /* WatchLandmarks_Watch_AppUITestsLaunchTests.swift */; };
		BE41D8E92BE97D7F00329BF4 /* WatchLandmarks Watch App.app in Embed Watch Content */ = {isa = PBXBuildFile; fileRef = BE41D8C62BE97D7E00329BF4 /* WatchLandmarks Watch App.app */; settings = {ATTRIBUTES = (RemoveHeadersOnCopy, ); }; };
		BE41D8F42BE97E3F00329BF4 /* Hike.swift in Sources */ = {isa = PBXBuildFile; fileRef = 45E3BA3C2BE182CA00C6193A /* Hike.swift */; };
		BE41D8F52BE97E3F00329BF4 /* Profile.swift in Sources */ = {isa = PBXBuildFile; fileRef = 45E3BA502BE1A06F00C6193A /* Profile.swift */; };
		BE41D8F62BE97E3F00329BF4 /* MapView.swift in Sources */ = {isa = PBXBuildFile; fileRef = 45EF29062B5F337000B57F1C /* MapView.swift */; };
		BE41D8F72BE97E3F00329BF4 /* Landmark.swift in Sources */ = {isa = PBXBuildFile; fileRef = 45EF290A2B5F377C00B57F1C /* Landmark.swift */; };
		BE41D8F82BE97E3F00329BF4 /* ModelData.swift in Sources */ = {isa = PBXBuildFile; fileRef = 456CAE9F2B6479D5006F61CD /* ModelData.swift */; };
		BE41D8F92BE97E3F00329BF4 /* LandmarksApp.swift in Sources */ = {isa = PBXBuildFile; fileRef = 45EF28DA2B5F307300B57F1C /* LandmarksApp.swift */; };
		BE41D8FB2BE97E3F00329BF4 /* LandmarkRow.swift in Sources */ = {isa = PBXBuildFile; fileRef = 456CAEA42B647B4A006F61CD /* LandmarkRow.swift */; };
		BE41D8FC2BE97E3F00329BF4 /* CircleImage.swift in Sources */ = {isa = PBXBuildFile; fileRef = 45EF29042B5F32FA00B57F1C /* CircleImage.swift */; };
		BE41D8FD2BE97E3F00329BF4 /* Assets.xcassets in Resources */ = {isa = PBXBuildFile; fileRef = 45EF28DE2B5F307600B57F1C /* Assets.xcassets */; };
		BE41D8FE2BE97E3F00329BF4 /* hikeData.json in Resources */ = {isa = PBXBuildFile; fileRef = 45E3BA3A2BE182AF00C6193A /* hikeData.json */; };
		BE41D8FF2BE97E3F00329BF4 /* landmarkData.json in Resources */ = {isa = PBXBuildFile; fileRef = 45EF29082B5F376000B57F1C /* landmarkData.json */; };
		BE41D9012BE97EAA00329BF4 /* LandmarkDetail.swift in Sources */ = {isa = PBXBuildFile; fileRef = BE41D9002BE97EAA00329BF4 /* LandmarkDetail.swift */; };
		BE41D9032BE98B7000329BF4 /* NotificationView.swift in Sources */ = {isa = PBXBuildFile; fileRef = BE41D9022BE98B7000329BF4 /* NotificationView.swift */; };
		BE41D9052BE98C5800329BF4 /* NotificationController.swift in Sources */ = {isa = PBXBuildFile; fileRef = BE41D9042BE98C5800329BF4 /* NotificationController.swift */; };
		BE41D9102BE998C600329BF4 /* ContentView.swift in Sources */ = {isa = PBXBuildFile; fileRef = BE41D90F2BE998C600329BF4 /* ContentView.swift */; };
		BE41D9122BE998C800329BF4 /* Assets.xcassets in Resources */ = {isa = PBXBuildFile; fileRef = BE41D9112BE998C800329BF4 /* Assets.xcassets */; };
		BE41D9152BE998C800329BF4 /* Preview Assets.xcassets in Resources */ = {isa = PBXBuildFile; fileRef = BE41D9142BE998C800329BF4 /* Preview Assets.xcassets */; };
		BE41D9202BE998C800329BF4 /* MacLandmarksTests.swift in Sources */ = {isa = PBXBuildFile; fileRef = BE41D91F2BE998C800329BF4 /* MacLandmarksTests.swift */; };
		BE41D92A2BE998C800329BF4 /* MacLandmarksUITests.swift in Sources */ = {isa = PBXBuildFile; fileRef = BE41D9292BE998C800329BF4 /* MacLandmarksUITests.swift */; };
		BE41D92C2BE998C800329BF4 /* MacLandmarksUITestsLaunchTests.swift in Sources */ = {isa = PBXBuildFile; fileRef = BE41D92B2BE998C800329BF4 /* MacLandmarksUITestsLaunchTests.swift */; };
		BE5A138F2BE6A9ED001906F2 /* PageViewController.swift in Sources */ = {isa = PBXBuildFile; fileRef = BE5A138E2BE6A9ED001906F2 /* PageViewController.swift */; };
		BE5A13912BE6AC5C001906F2 /* FeatureCard.swift in Sources */ = {isa = PBXBuildFile; fileRef = BE5A13902BE6AC5C001906F2 /* FeatureCard.swift */; };
		BE5A13932BE6ADF6001906F2 /* PageView.swift in Sources */ = {isa = PBXBuildFile; fileRef = BE5A13922BE6ADF6001906F2 /* PageView.swift */; };
		BEC851302BE6EA540074F95F /* PageControl.swift in Sources */ = {isa = PBXBuildFile; fileRef = BEC8512F2BE6EA530074F95F /* PageControl.swift */; };
/* End PBXBuildFile section */

/* Begin PBXContainerItemProxy section */
		45EF28E82B5F307600B57F1C /* PBXContainerItemProxy */ = {
			isa = PBXContainerItemProxy;
			containerPortal = 45EF28CF2B5F307300B57F1C /* Project object */;
			proxyType = 1;
			remoteGlobalIDString = 45EF28D62B5F307300B57F1C;
			remoteInfo = Landmarks;
		};
		45EF28F22B5F307600B57F1C /* PBXContainerItemProxy */ = {
			isa = PBXContainerItemProxy;
			containerPortal = 45EF28CF2B5F307300B57F1C /* Project object */;
			proxyType = 1;
			remoteGlobalIDString = 45EF28D62B5F307300B57F1C;
			remoteInfo = Landmarks;
		};
		BE41D8D62BE97D7F00329BF4 /* PBXContainerItemProxy */ = {
			isa = PBXContainerItemProxy;
			containerPortal = 45EF28CF2B5F307300B57F1C /* Project object */;
			proxyType = 1;
			remoteGlobalIDString = BE41D8C52BE97D7E00329BF4;
			remoteInfo = "WatchLandmarks Watch App";
		};
		BE41D8E02BE97D7F00329BF4 /* PBXContainerItemProxy */ = {
			isa = PBXContainerItemProxy;
			containerPortal = 45EF28CF2B5F307300B57F1C /* Project object */;
			proxyType = 1;
			remoteGlobalIDString = BE41D8C52BE97D7E00329BF4;
			remoteInfo = "WatchLandmarks Watch App";
		};
		BE41D8E72BE97D7F00329BF4 /* PBXContainerItemProxy */ = {
			isa = PBXContainerItemProxy;
			containerPortal = 45EF28CF2B5F307300B57F1C /* Project object */;
			proxyType = 1;
			remoteGlobalIDString = BE41D8C52BE97D7E00329BF4;
			remoteInfo = "WatchLandmarks Watch App";
		};
		BE41D91C2BE998C800329BF4 /* PBXContainerItemProxy */ = {
			isa = PBXContainerItemProxy;
			containerPortal = 45EF28CF2B5F307300B57F1C /* Project object */;
			proxyType = 1;
			remoteGlobalIDString = BE41D90A2BE998C600329BF4;
			remoteInfo = MacLandmarks;
		};
		BE41D9262BE998C800329BF4 /* PBXContainerItemProxy */ = {
			isa = PBXContainerItemProxy;
			containerPortal = 45EF28CF2B5F307300B57F1C /* Project object */;
			proxyType = 1;
			remoteGlobalIDString = BE41D90A2BE998C600329BF4;
			remoteInfo = MacLandmarks;
		};
/* End PBXContainerItemProxy section */

/* Begin PBXCopyFilesBuildPhase section */
		BE41D8EA2BE97D7F00329BF4 /* Embed Watch Content */ = {
			isa = PBXCopyFilesBuildPhase;
			buildActionMask = 2147483647;
			dstPath = "$(CONTENTS_FOLDER_PATH)/Watch";
			dstSubfolderSpec = 16;
			files = (
				BE41D8E92BE97D7F00329BF4 /* WatchLandmarks Watch App.app in Embed Watch Content */,
			);
			name = "Embed Watch Content";
			runOnlyForDeploymentPostprocessing = 0;
		};
/* End PBXCopyFilesBuildPhase section */

/* Begin PBXFileReference section */
		4551ED092B6C6E5000E6C11D /* SwiftUIView.swift */ = {isa = PBXFileReference; lastKnownFileType = sourcecode.swift; path = SwiftUIView.swift; sourceTree = "<group>"; };
		456CAE9F2B6479D5006F61CD /* ModelData.swift */ = {isa = PBXFileReference; lastKnownFileType = sourcecode.swift; path = ModelData.swift; sourceTree = "<group>"; };
		456CAEA42B647B4A006F61CD /* LandmarkRow.swift */ = {isa = PBXFileReference; lastKnownFileType = sourcecode.swift; path = LandmarkRow.swift; sourceTree = "<group>"; };
		456CAEA62B647DDB006F61CD /* LandmarkList.swift */ = {isa = PBXFileReference; lastKnownFileType = sourcecode.swift; path = LandmarkList.swift; sourceTree = "<group>"; };
		456CAEA82B647EB9006F61CD /* LandmarkDetail.swift */ = {isa = PBXFileReference; lastKnownFileType = sourcecode.swift; path = LandmarkDetail.swift; sourceTree = "<group>"; };
		456CAEAA2B65ED1A006F61CD /* FavoriteButton.swift */ = {isa = PBXFileReference; lastKnownFileType = sourcecode.swift; path = FavoriteButton.swift; sourceTree = "<group>"; };
		456CAEAE2B65F783006F61CD /* HexagonParameters.swift */ = {isa = PBXFileReference; lastKnownFileType = sourcecode.swift; path = HexagonParameters.swift; sourceTree = "<group>"; };
		456CAEB02B65F8D0006F61CD /* BadgeBackground.swift */ = {isa = PBXFileReference; lastKnownFileType = sourcecode.swift; path = BadgeBackground.swift; sourceTree = "<group>"; };
		456CAEB22B65FCC9006F61CD /* BadgeSymbol.swift */ = {isa = PBXFileReference; lastKnownFileType = sourcecode.swift; path = BadgeSymbol.swift; sourceTree = "<group>"; };
		45E3BA352BE1806500C6193A /* RotatedBadgeSymbol.swift */ = {isa = PBXFileReference; lastKnownFileType = sourcecode.swift; path = RotatedBadgeSymbol.swift; sourceTree = "<group>"; };
		45E3BA372BE180B600C6193A /* Badge.swift */ = {isa = PBXFileReference; lastKnownFileType = sourcecode.swift; path = Badge.swift; sourceTree = "<group>"; };
		45E3BA3A2BE182AF00C6193A /* hikeData.json */ = {isa = PBXFileReference; fileEncoding = 4; lastKnownFileType = text.json; path = hikeData.json; sourceTree = "<group>"; };
		45E3BA3C2BE182CA00C6193A /* Hike.swift */ = {isa = PBXFileReference; lastKnownFileType = sourcecode.swift; path = Hike.swift; sourceTree = "<group>"; };
		45E3BA412BE183D200C6193A /* GraphCapsule.swift */ = {isa = PBXFileReference; fileEncoding = 4; lastKnownFileType = sourcecode.swift; path = GraphCapsule.swift; sourceTree = "<group>"; };
		45E3BA422BE183D200C6193A /* HikeGraph.swift */ = {isa = PBXFileReference; fileEncoding = 4; lastKnownFileType = sourcecode.swift; path = HikeGraph.swift; sourceTree = "<group>"; };
		45E3BA432BE183D200C6193A /* HikeDetail.swift */ = {isa = PBXFileReference; fileEncoding = 4; lastKnownFileType = sourcecode.swift; path = HikeDetail.swift; sourceTree = "<group>"; };
		45E3BA442BE183D200C6193A /* HikeView.swift */ = {isa = PBXFileReference; fileEncoding = 4; lastKnownFileType = sourcecode.swift; path = HikeView.swift; sourceTree = "<group>"; };
		45E3BA4A2BE1882300C6193A /* CategoryHome.swift */ = {isa = PBXFileReference; lastKnownFileType = sourcecode.swift; path = CategoryHome.swift; sourceTree = "<group>"; };
		45E3BA4C2BE18A2800C6193A /* CategoryRow.swift */ = {isa = PBXFileReference; lastKnownFileType = sourcecode.swift; path = CategoryRow.swift; sourceTree = "<group>"; };
		45E3BA4E2BE18B6900C6193A /* CategoryItem.swift */ = {isa = PBXFileReference; lastKnownFileType = sourcecode.swift; path = CategoryItem.swift; sourceTree = "<group>"; };
		45E3BA502BE1A06F00C6193A /* Profile.swift */ = {isa = PBXFileReference; lastKnownFileType = sourcecode.swift; path = Profile.swift; sourceTree = "<group>"; };
		45E3BA532BE1A11500C6193A /* ProfileHost.swift */ = {isa = PBXFileReference; lastKnownFileType = sourcecode.swift; path = ProfileHost.swift; sourceTree = "<group>"; };
		45E3BA552BE1A17D00C6193A /* ProfileSummary.swift */ = {isa = PBXFileReference; lastKnownFileType = sourcecode.swift; path = ProfileSummary.swift; sourceTree = "<group>"; };
		45E3BA572BE1A2D400C6193A /* HikeBadge.swift */ = {isa = PBXFileReference; lastKnownFileType = sourcecode.swift; path = HikeBadge.swift; sourceTree = "<group>"; };
		45E3BA592BE1A79900C6193A /* ProfileEditor.swift */ = {isa = PBXFileReference; lastKnownFileType = sourcecode.swift; path = ProfileEditor.swift; sourceTree = "<group>"; };
		45EF28D72B5F307300B57F1C /* Landmarks.app */ = {isa = PBXFileReference; explicitFileType = wrapper.application; includeInIndex = 0; path = Landmarks.app; sourceTree = BUILT_PRODUCTS_DIR; };
		45EF28DA2B5F307300B57F1C /* LandmarksApp.swift */ = {isa = PBXFileReference; lastKnownFileType = sourcecode.swift; path = LandmarksApp.swift; sourceTree = "<group>"; };
		45EF28DC2B5F307300B57F1C /* ContentView.swift */ = {isa = PBXFileReference; lastKnownFileType = sourcecode.swift; path = ContentView.swift; sourceTree = "<group>"; };
		45EF28DE2B5F307600B57F1C /* Assets.xcassets */ = {isa = PBXFileReference; lastKnownFileType = folder.assetcatalog; path = Assets.xcassets; sourceTree = "<group>"; };
		45EF28E12B5F307600B57F1C /* Preview Assets.xcassets */ = {isa = PBXFileReference; lastKnownFileType = folder.assetcatalog; path = "Preview Assets.xcassets"; sourceTree = "<group>"; };
		45EF28E72B5F307600B57F1C /* LandmarksTests.xctest */ = {isa = PBXFileReference; explicitFileType = wrapper.cfbundle; includeInIndex = 0; path = LandmarksTests.xctest; sourceTree = BUILT_PRODUCTS_DIR; };
		45EF28EB2B5F307600B57F1C /* LandmarksTests.swift */ = {isa = PBXFileReference; lastKnownFileType = sourcecode.swift; path = LandmarksTests.swift; sourceTree = "<group>"; };
		45EF28F12B5F307600B57F1C /* LandmarksUITests.xctest */ = {isa = PBXFileReference; explicitFileType = wrapper.cfbundle; includeInIndex = 0; path = LandmarksUITests.xctest; sourceTree = BUILT_PRODUCTS_DIR; };
		45EF28F52B5F307600B57F1C /* LandmarksUITests.swift */ = {isa = PBXFileReference; lastKnownFileType = sourcecode.swift; path = LandmarksUITests.swift; sourceTree = "<group>"; };
		45EF28F72B5F307600B57F1C /* LandmarksUITestsLaunchTests.swift */ = {isa = PBXFileReference; lastKnownFileType = sourcecode.swift; path = LandmarksUITestsLaunchTests.swift; sourceTree = "<group>"; };
		45EF29042B5F32FA00B57F1C /* CircleImage.swift */ = {isa = PBXFileReference; lastKnownFileType = sourcecode.swift; path = CircleImage.swift; sourceTree = "<group>"; };
		45EF29062B5F337000B57F1C /* MapView.swift */ = {isa = PBXFileReference; lastKnownFileType = sourcecode.swift; path = MapView.swift; sourceTree = "<group>"; };
		45EF29082B5F376000B57F1C /* landmarkData.json */ = {isa = PBXFileReference; fileEncoding = 4; lastKnownFileType = text.json; path = landmarkData.json; sourceTree = "<group>"; };
		45EF290A2B5F377C00B57F1C /* Landmark.swift */ = {isa = PBXFileReference; lastKnownFileType = sourcecode.swift; path = Landmark.swift; sourceTree = "<group>"; };
		BE1D3B162BE9D3B8008E965C /* LandmarkDetail.swift */ = {isa = PBXFileReference; lastKnownFileType = sourcecode.swift; path = LandmarkDetail.swift; sourceTree = "<group>"; };
		BE1D3B182BE9D859008E965C /* LandmarkList.swift */ = {isa = PBXFileReference; lastKnownFileType = sourcecode.swift; path = LandmarkList.swift; sourceTree = "<group>"; };
		BE2EC7F92BE9DDB800366417 /* LandmarkCommands.swift */ = {isa = PBXFileReference; lastKnownFileType = sourcecode.swift; path = LandmarkCommands.swift; sourceTree = "<group>"; };
		BE2EC7FC2BE9E23900366417 /* LandmarkSettings.swift */ = {isa = PBXFileReference; lastKnownFileType = sourcecode.swift; path = LandmarkSettings.swift; sourceTree = "<group>"; };
		BE41D8C62BE97D7E00329BF4 /* WatchLandmarks Watch App.app */ = {isa = PBXFileReference; explicitFileType = wrapper.application; includeInIndex = 0; path = "WatchLandmarks Watch App.app"; sourceTree = BUILT_PRODUCTS_DIR; };
		BE41D8CA2BE97D7E00329BF4 /* ContentView.swift */ = {isa = PBXFileReference; lastKnownFileType = sourcecode.swift; path = ContentView.swift; sourceTree = "<group>"; };
		BE41D8CC2BE97D7F00329BF4 /* Assets.xcassets */ = {isa = PBXFileReference; lastKnownFileType = folder.assetcatalog; path = Assets.xcassets; sourceTree = "<group>"; };
		BE41D8CF2BE97D7F00329BF4 /* Preview Assets.xcassets */ = {isa = PBXFileReference; lastKnownFileType = folder.assetcatalog; path = "Preview Assets.xcassets"; sourceTree = "<group>"; };
		BE41D8D52BE97D7F00329BF4 /* WatchLandmarks Watch AppTests.xctest */ = {isa = PBXFileReference; explicitFileType = wrapper.cfbundle; includeInIndex = 0; path = "WatchLandmarks Watch AppTests.xctest"; sourceTree = BUILT_PRODUCTS_DIR; };
		BE41D8D92BE97D7F00329BF4 /* WatchLandmarks_Watch_AppTests.swift */ = {isa = PBXFileReference; lastKnownFileType = sourcecode.swift; path = WatchLandmarks_Watch_AppTests.swift; sourceTree = "<group>"; };
		BE41D8DF2BE97D7F00329BF4 /* WatchLandmarks Watch AppUITests.xctest */ = {isa = PBXFileReference; explicitFileType = wrapper.cfbundle; includeInIndex = 0; path = "WatchLandmarks Watch AppUITests.xctest"; sourceTree = BUILT_PRODUCTS_DIR; };
		BE41D8E32BE97D7F00329BF4 /* WatchLandmarks_Watch_AppUITests.swift */ = {isa = PBXFileReference; lastKnownFileType = sourcecode.swift; path = WatchLandmarks_Watch_AppUITests.swift; sourceTree = "<group>"; };
		BE41D8E52BE97D7F00329BF4 /* WatchLandmarks_Watch_AppUITestsLaunchTests.swift */ = {isa = PBXFileReference; lastKnownFileType = sourcecode.swift; path = WatchLandmarks_Watch_AppUITestsLaunchTests.swift; sourceTree = "<group>"; };
		BE41D9002BE97EAA00329BF4 /* LandmarkDetail.swift */ = {isa = PBXFileReference; lastKnownFileType = sourcecode.swift; path = LandmarkDetail.swift; sourceTree = "<group>"; };
		BE41D9022BE98B7000329BF4 /* NotificationView.swift */ = {isa = PBXFileReference; lastKnownFileType = sourcecode.swift; path = NotificationView.swift; sourceTree = "<group>"; };
		BE41D9042BE98C5800329BF4 /* NotificationController.swift */ = {isa = PBXFileReference; lastKnownFileType = sourcecode.swift; path = NotificationController.swift; sourceTree = "<group>"; };
		BE41D9062BE98EAB00329BF4 /* PushNotificationPayload.apns */ = {isa = PBXFileReference; lastKnownFileType = text; path = PushNotificationPayload.apns; sourceTree = "<group>"; };
		BE41D90B2BE998C600329BF4 /* MacLandmarks.app */ = {isa = PBXFileReference; explicitFileType = wrapper.application; includeInIndex = 0; path = MacLandmarks.app; sourceTree = BUILT_PRODUCTS_DIR; };
		BE41D90F2BE998C600329BF4 /* ContentView.swift */ = {isa = PBXFileReference; lastKnownFileType = sourcecode.swift; path = ContentView.swift; sourceTree = "<group>"; };
		BE41D9112BE998C800329BF4 /* Assets.xcassets */ = {isa = PBXFileReference; lastKnownFileType = folder.assetcatalog; path = Assets.xcassets; sourceTree = "<group>"; };
		BE41D9142BE998C800329BF4 /* Preview Assets.xcassets */ = {isa = PBXFileReference; lastKnownFileType = folder.assetcatalog; path = "Preview Assets.xcassets"; sourceTree = "<group>"; };
		BE41D9162BE998C800329BF4 /* MacLandmarks.entitlements */ = {isa = PBXFileReference; lastKnownFileType = text.plist.entitlements; path = MacLandmarks.entitlements; sourceTree = "<group>"; };
		BE41D91B2BE998C800329BF4 /* MacLandmarksTests.xctest */ = {isa = PBXFileReference; explicitFileType = wrapper.cfbundle; includeInIndex = 0; path = MacLandmarksTests.xctest; sourceTree = BUILT_PRODUCTS_DIR; };
		BE41D91F2BE998C800329BF4 /* MacLandmarksTests.swift */ = {isa = PBXFileReference; lastKnownFileType = sourcecode.swift; path = MacLandmarksTests.swift; sourceTree = "<group>"; };
		BE41D9252BE998C800329BF4 /* MacLandmarksUITests.xctest */ = {isa = PBXFileReference; explicitFileType = wrapper.cfbundle; includeInIndex = 0; path = MacLandmarksUITests.xctest; sourceTree = BUILT_PRODUCTS_DIR; };
		BE41D9292BE998C800329BF4 /* MacLandmarksUITests.swift */ = {isa = PBXFileReference; lastKnownFileType = sourcecode.swift; path = MacLandmarksUITests.swift; sourceTree = "<group>"; };
		BE41D92B2BE998C800329BF4 /* MacLandmarksUITestsLaunchTests.swift */ = {isa = PBXFileReference; lastKnownFileType = sourcecode.swift; path = MacLandmarksUITestsLaunchTests.swift; sourceTree = "<group>"; };
		BE5A138E2BE6A9ED001906F2 /* PageViewController.swift */ = {isa = PBXFileReference; lastKnownFileType = sourcecode.swift; path = PageViewController.swift; sourceTree = "<group>"; };
		BE5A13902BE6AC5C001906F2 /* FeatureCard.swift */ = {isa = PBXFileReference; lastKnownFileType = sourcecode.swift; path = FeatureCard.swift; sourceTree = "<group>"; };
		BE5A13922BE6ADF6001906F2 /* PageView.swift */ = {isa = PBXFileReference; lastKnownFileType = sourcecode.swift; path = PageView.swift; sourceTree = "<group>"; };
		BEC8512F2BE6EA530074F95F /* PageControl.swift */ = {isa = PBXFileReference; lastKnownFileType = sourcecode.swift; path = PageControl.swift; sourceTree = "<group>"; };
/* End PBXFileReference section */

/* Begin PBXFrameworksBuildPhase section */
		45EF28D42B5F307300B57F1C /* Frameworks */ = {
			isa = PBXFrameworksBuildPhase;
			buildActionMask = 2147483647;
			files = (
			);
			runOnlyForDeploymentPostprocessing = 0;
		};
		45EF28E42B5F307600B57F1C /* Frameworks */ = {
			isa = PBXFrameworksBuildPhase;
			buildActionMask = 2147483647;
			files = (
			);
			runOnlyForDeploymentPostprocessing = 0;
		};
		45EF28EE2B5F307600B57F1C /* Frameworks */ = {
			isa = PBXFrameworksBuildPhase;
			buildActionMask = 2147483647;
			files = (
			);
			runOnlyForDeploymentPostprocessing = 0;
		};
		BE41D8C32BE97D7E00329BF4 /* Frameworks */ = {
			isa = PBXFrameworksBuildPhase;
			buildActionMask = 2147483647;
			files = (
			);
			runOnlyForDeploymentPostprocessing = 0;
		};
		BE41D8D22BE97D7F00329BF4 /* Frameworks */ = {
			isa = PBXFrameworksBuildPhase;
			buildActionMask = 2147483647;
			files = (
			);
			runOnlyForDeploymentPostprocessing = 0;
		};
		BE41D8DC2BE97D7F00329BF4 /* Frameworks */ = {
			isa = PBXFrameworksBuildPhase;
			buildActionMask = 2147483647;
			files = (
			);
			runOnlyForDeploymentPostprocessing = 0;
		};
		BE41D9082BE998C600329BF4 /* Frameworks */ = {
			isa = PBXFrameworksBuildPhase;
			buildActionMask = 2147483647;
			files = (
			);
			runOnlyForDeploymentPostprocessing = 0;
		};
		BE41D9182BE998C800329BF4 /* Frameworks */ = {
			isa = PBXFrameworksBuildPhase;
			buildActionMask = 2147483647;
			files = (
			);
			runOnlyForDeploymentPostprocessing = 0;
		};
		BE41D9222BE998C800329BF4 /* Frameworks */ = {
			isa = PBXFrameworksBuildPhase;
			buildActionMask = 2147483647;
			files = (
			);
			runOnlyForDeploymentPostprocessing = 0;
		};
/* End PBXFrameworksBuildPhase section */

/* Begin PBXGroup section */
		456CAEA12B647AF1006F61CD /* Views */ = {
			isa = PBXGroup;
			children = (
				BE5A138D2BE6A9D3001906F2 /* PageView */,
				45E3BA522BE1A10100C6193A /* Profiles */,
				45E3BA492BE1881000C6193A /* Categories */,
				45E3BA402BE183D200C6193A /* Hikes */,
				45E3BA392BE181EA00C6193A /* Badges */,
				45EF28DC2B5F307300B57F1C /* ContentView.swift */,
				456CAEAC2B65EDB7006F61CD /* Landmarks */,
				456CAEAD2B65EDBD006F61CD /* Helper */,
				4551ED092B6C6E5000E6C11D /* SwiftUIView.swift */,
			);
			path = Views;
			sourceTree = "<group>";
		};
		456CAEA22B647B08006F61CD /* Resources */ = {
			isa = PBXGroup;
			children = (
				45E3BA3A2BE182AF00C6193A /* hikeData.json */,
				45EF29082B5F376000B57F1C /* landmarkData.json */,
			);
			path = Resources;
			sourceTree = "<group>";
		};
		456CAEA32B647B1A006F61CD /* Model */ = {
			isa = PBXGroup;
			children = (
				45EF290A2B5F377C00B57F1C /* Landmark.swift */,
				456CAE9F2B6479D5006F61CD /* ModelData.swift */,
				45E3BA3C2BE182CA00C6193A /* Hike.swift */,
				45E3BA502BE1A06F00C6193A /* Profile.swift */,
			);
			path = Model;
			sourceTree = "<group>";
		};
		456CAEAC2B65EDB7006F61CD /* Landmarks */ = {
			isa = PBXGroup;
			children = (
				BE5A13902BE6AC5C001906F2 /* FeatureCard.swift */,
				456CAEA42B647B4A006F61CD /* LandmarkRow.swift */,
				456CAEA62B647DDB006F61CD /* LandmarkList.swift */,
				456CAEA82B647EB9006F61CD /* LandmarkDetail.swift */,
			);
			path = Landmarks;
			sourceTree = "<group>";
		};
		456CAEAD2B65EDBD006F61CD /* Helper */ = {
			isa = PBXGroup;
			children = (
				45EF29042B5F32FA00B57F1C /* CircleImage.swift */,
				45EF29062B5F337000B57F1C /* MapView.swift */,
				456CAEAA2B65ED1A006F61CD /* FavoriteButton.swift */,
			);
			path = Helper;
			sourceTree = "<group>";
		};
		45E3BA392BE181EA00C6193A /* Badges */ = {
			isa = PBXGroup;
			children = (
				456CAEAE2B65F783006F61CD /* HexagonParameters.swift */,
				456CAEB02B65F8D0006F61CD /* BadgeBackground.swift */,
				456CAEB22B65FCC9006F61CD /* BadgeSymbol.swift */,
				45E3BA352BE1806500C6193A /* RotatedBadgeSymbol.swift */,
				45E3BA372BE180B600C6193A /* Badge.swift */,
			);
			path = Badges;
			sourceTree = "<group>";
		};
		45E3BA402BE183D200C6193A /* Hikes */ = {
			isa = PBXGroup;
			children = (
				45E3BA412BE183D200C6193A /* GraphCapsule.swift */,
				45E3BA422BE183D200C6193A /* HikeGraph.swift */,
				45E3BA432BE183D200C6193A /* HikeDetail.swift */,
				45E3BA442BE183D200C6193A /* HikeView.swift */,
				45E3BA572BE1A2D400C6193A /* HikeBadge.swift */,
			);
			path = Hikes;
			sourceTree = "<group>";
		};
		45E3BA492BE1881000C6193A /* Categories */ = {
			isa = PBXGroup;
			children = (
				45E3BA4A2BE1882300C6193A /* CategoryHome.swift */,
				45E3BA4C2BE18A2800C6193A /* CategoryRow.swift */,
				45E3BA4E2BE18B6900C6193A /* CategoryItem.swift */,
			);
			path = Categories;
			sourceTree = "<group>";
		};
		45E3BA522BE1A10100C6193A /* Profiles */ = {
			isa = PBXGroup;
			children = (
				45E3BA532BE1A11500C6193A /* ProfileHost.swift */,
				45E3BA552BE1A17D00C6193A /* ProfileSummary.swift */,
				45E3BA592BE1A79900C6193A /* ProfileEditor.swift */,
			);
			path = Profiles;
			sourceTree = "<group>";
		};
		45EF28CE2B5F307300B57F1C = {
			isa = PBXGroup;
			children = (
				45EF28D92B5F307300B57F1C /* Landmarks */,
				45EF28EA2B5F307600B57F1C /* LandmarksTests */,
				45EF28F42B5F307600B57F1C /* LandmarksUITests */,
				BE41D8C72BE97D7E00329BF4 /* WatchLandmarks Watch App */,
				BE41D8D82BE97D7F00329BF4 /* WatchLandmarks Watch AppTests */,
				BE41D8E22BE97D7F00329BF4 /* WatchLandmarks Watch AppUITests */,
				BE41D90C2BE998C600329BF4 /* MacLandmarks */,
				BE41D91E2BE998C800329BF4 /* MacLandmarksTests */,
				BE41D9282BE998C800329BF4 /* MacLandmarksUITests */,
				45EF28D82B5F307300B57F1C /* Products */,
			);
			sourceTree = "<group>";
		};
		45EF28D82B5F307300B57F1C /* Products */ = {
			isa = PBXGroup;
			children = (
				45EF28D72B5F307300B57F1C /* Landmarks.app */,
				45EF28E72B5F307600B57F1C /* LandmarksTests.xctest */,
				45EF28F12B5F307600B57F1C /* LandmarksUITests.xctest */,
				BE41D8C62BE97D7E00329BF4 /* WatchLandmarks Watch App.app */,
				BE41D8D52BE97D7F00329BF4 /* WatchLandmarks Watch AppTests.xctest */,
				BE41D8DF2BE97D7F00329BF4 /* WatchLandmarks Watch AppUITests.xctest */,
				BE41D90B2BE998C600329BF4 /* MacLandmarks.app */,
				BE41D91B2BE998C800329BF4 /* MacLandmarksTests.xctest */,
				BE41D9252BE998C800329BF4 /* MacLandmarksUITests.xctest */,
			);
			name = Products;
			sourceTree = "<group>";
		};
		45EF28D92B5F307300B57F1C /* Landmarks */ = {
			isa = PBXGroup;
			children = (
				45EF28DA2B5F307300B57F1C /* LandmarksApp.swift */,
				456CAEA12B647AF1006F61CD /* Views */,
				456CAEA32B647B1A006F61CD /* Model */,
				45EF28DE2B5F307600B57F1C /* Assets.xcassets */,
				456CAEA22B647B08006F61CD /* Resources */,
				45EF28E02B5F307600B57F1C /* Preview Content */,
			);
			path = Landmarks;
			sourceTree = "<group>";
		};
		45EF28E02B5F307600B57F1C /* Preview Content */ = {
			isa = PBXGroup;
			children = (
				45EF28E12B5F307600B57F1C /* Preview Assets.xcassets */,
			);
			path = "Preview Content";
			sourceTree = "<group>";
		};
		45EF28EA2B5F307600B57F1C /* LandmarksTests */ = {
			isa = PBXGroup;
			children = (
				45EF28EB2B5F307600B57F1C /* LandmarksTests.swift */,
			);
			path = LandmarksTests;
			sourceTree = "<group>";
		};
		45EF28F42B5F307600B57F1C /* LandmarksUITests */ = {
			isa = PBXGroup;
			children = (
				45EF28F52B5F307600B57F1C /* LandmarksUITests.swift */,
				45EF28F72B5F307600B57F1C /* LandmarksUITestsLaunchTests.swift */,
			);
			path = LandmarksUITests;
			sourceTree = "<group>";
		};
		BE41D8C72BE97D7E00329BF4 /* WatchLandmarks Watch App */ = {
			isa = PBXGroup;
			children = (
				BE41D8CA2BE97D7E00329BF4 /* ContentView.swift */,
				BE41D8CC2BE97D7F00329BF4 /* Assets.xcassets */,
				BE41D8CE2BE97D7F00329BF4 /* Preview Content */,
				BE41D9002BE97EAA00329BF4 /* LandmarkDetail.swift */,
				BE41D9022BE98B7000329BF4 /* NotificationView.swift */,
				BE41D9042BE98C5800329BF4 /* NotificationController.swift */,
				BE41D9062BE98EAB00329BF4 /* PushNotificationPayload.apns */,
				BE1D3B182BE9D859008E965C /* LandmarkList.swift */,
			);
			path = "WatchLandmarks Watch App";
			sourceTree = "<group>";
		};
		BE41D8CE2BE97D7F00329BF4 /* Preview Content */ = {
			isa = PBXGroup;
			children = (
				BE41D8CF2BE97D7F00329BF4 /* Preview Assets.xcassets */,
			);
			path = "Preview Content";
			sourceTree = "<group>";
		};
		BE41D8D82BE97D7F00329BF4 /* WatchLandmarks Watch AppTests */ = {
			isa = PBXGroup;
			children = (
				BE41D8D92BE97D7F00329BF4 /* WatchLandmarks_Watch_AppTests.swift */,
			);
			path = "WatchLandmarks Watch AppTests";
			sourceTree = "<group>";
		};
		BE41D8E22BE97D7F00329BF4 /* WatchLandmarks Watch AppUITests */ = {
			isa = PBXGroup;
			children = (
				BE41D8E32BE97D7F00329BF4 /* WatchLandmarks_Watch_AppUITests.swift */,
				BE41D8E52BE97D7F00329BF4 /* WatchLandmarks_Watch_AppUITestsLaunchTests.swift */,
			);
			path = "WatchLandmarks Watch AppUITests";
			sourceTree = "<group>";
		};
		BE41D90C2BE998C600329BF4 /* MacLandmarks */ = {
			isa = PBXGroup;
			children = (
				BE41D90F2BE998C600329BF4 /* ContentView.swift */,
				BE41D9112BE998C800329BF4 /* Assets.xcassets */,
				BE41D9162BE998C800329BF4 /* MacLandmarks.entitlements */,
				BE41D9132BE998C800329BF4 /* Preview Content */,
				BE1D3B162BE9D3B8008E965C /* LandmarkDetail.swift */,
				BE2EC7F92BE9DDB800366417 /* LandmarkCommands.swift */,
				BE2EC7FC2BE9E23900366417 /* LandmarkSettings.swift */,
			);
			path = MacLandmarks;
			sourceTree = "<group>";
		};
		BE41D9132BE998C800329BF4 /* Preview Content */ = {
			isa = PBXGroup;
			children = (
				BE41D9142BE998C800329BF4 /* Preview Assets.xcassets */,
			);
			path = "Preview Content";
			sourceTree = "<group>";
		};
		BE41D91E2BE998C800329BF4 /* MacLandmarksTests */ = {
			isa = PBXGroup;
			children = (
				BE41D91F2BE998C800329BF4 /* MacLandmarksTests.swift */,
			);
			path = MacLandmarksTests;
			sourceTree = "<group>";
		};
		BE41D9282BE998C800329BF4 /* MacLandmarksUITests */ = {
			isa = PBXGroup;
			children = (
				BE41D9292BE998C800329BF4 /* MacLandmarksUITests.swift */,
				BE41D92B2BE998C800329BF4 /* MacLandmarksUITestsLaunchTests.swift */,
			);
			path = MacLandmarksUITests;
			sourceTree = "<group>";
		};
		BE5A138D2BE6A9D3001906F2 /* PageView */ = {
			isa = PBXGroup;
			children = (
				BE5A138E2BE6A9ED001906F2 /* PageViewController.swift */,
				BE5A13922BE6ADF6001906F2 /* PageView.swift */,
				BEC8512F2BE6EA530074F95F /* PageControl.swift */,
			);
			path = PageView;
			sourceTree = "<group>";
		};
/* End PBXGroup section */

/* Begin PBXNativeTarget section */
		45EF28D62B5F307300B57F1C /* Landmarks */ = {
			isa = PBXNativeTarget;
			buildConfigurationList = 45EF28FB2B5F307600B57F1C /* Build configuration list for PBXNativeTarget "Landmarks" */;
			buildPhases = (
				45EF28D32B5F307300B57F1C /* Sources */,
				45EF28D42B5F307300B57F1C /* Frameworks */,
				45EF28D52B5F307300B57F1C /* Resources */,
				BE41D8EA2BE97D7F00329BF4 /* Embed Watch Content */,
			);
			buildRules = (
			);
			dependencies = (
				BE41D8E82BE97D7F00329BF4 /* PBXTargetDependency */,
			);
			name = Landmarks;
			productName = Landmarks;
			productReference = 45EF28D72B5F307300B57F1C /* Landmarks.app */;
			productType = "com.apple.product-type.application";
		};
		45EF28E62B5F307600B57F1C /* LandmarksTests */ = {
			isa = PBXNativeTarget;
			buildConfigurationList = 45EF28FE2B5F307600B57F1C /* Build configuration list for PBXNativeTarget "LandmarksTests" */;
			buildPhases = (
				45EF28E32B5F307600B57F1C /* Sources */,
				45EF28E42B5F307600B57F1C /* Frameworks */,
				45EF28E52B5F307600B57F1C /* Resources */,
			);
			buildRules = (
			);
			dependencies = (
				45EF28E92B5F307600B57F1C /* PBXTargetDependency */,
			);
			name = LandmarksTests;
			productName = LandmarksTests;
			productReference = 45EF28E72B5F307600B57F1C /* LandmarksTests.xctest */;
			productType = "com.apple.product-type.bundle.unit-test";
		};
		45EF28F02B5F307600B57F1C /* LandmarksUITests */ = {
			isa = PBXNativeTarget;
			buildConfigurationList = 45EF29012B5F307600B57F1C /* Build configuration list for PBXNativeTarget "LandmarksUITests" */;
			buildPhases = (
				45EF28ED2B5F307600B57F1C /* Sources */,
				45EF28EE2B5F307600B57F1C /* Frameworks */,
				45EF28EF2B5F307600B57F1C /* Resources */,
			);
			buildRules = (
			);
			dependencies = (
				45EF28F32B5F307600B57F1C /* PBXTargetDependency */,
			);
			name = LandmarksUITests;
			productName = LandmarksUITests;
			productReference = 45EF28F12B5F307600B57F1C /* LandmarksUITests.xctest */;
			productType = "com.apple.product-type.bundle.ui-testing";
		};
		BE41D8C52BE97D7E00329BF4 /* WatchLandmarks Watch App */ = {
			isa = PBXNativeTarget;
			buildConfigurationList = BE41D8F12BE97D7F00329BF4 /* Build configuration list for PBXNativeTarget "WatchLandmarks Watch App" */;
			buildPhases = (
				BE41D8C22BE97D7E00329BF4 /* Sources */,
				BE41D8C32BE97D7E00329BF4 /* Frameworks */,
				BE41D8C42BE97D7E00329BF4 /* Resources */,
			);
			buildRules = (
			);
			dependencies = (
			);
			name = "WatchLandmarks Watch App";
			productName = "WatchLandmarks Watch App";
			productReference = BE41D8C62BE97D7E00329BF4 /* WatchLandmarks Watch App.app */;
			productType = "com.apple.product-type.application";
		};
		BE41D8D42BE97D7F00329BF4 /* WatchLandmarks Watch AppTests */ = {
			isa = PBXNativeTarget;
			buildConfigurationList = BE41D8F22BE97D7F00329BF4 /* Build configuration list for PBXNativeTarget "WatchLandmarks Watch AppTests" */;
			buildPhases = (
				BE41D8D12BE97D7F00329BF4 /* Sources */,
				BE41D8D22BE97D7F00329BF4 /* Frameworks */,
				BE41D8D32BE97D7F00329BF4 /* Resources */,
			);
			buildRules = (
			);
			dependencies = (
				BE41D8D72BE97D7F00329BF4 /* PBXTargetDependency */,
			);
			name = "WatchLandmarks Watch AppTests";
			productName = "WatchLandmarks Watch AppTests";
			productReference = BE41D8D52BE97D7F00329BF4 /* WatchLandmarks Watch AppTests.xctest */;
			productType = "com.apple.product-type.bundle.unit-test";
		};
		BE41D8DE2BE97D7F00329BF4 /* WatchLandmarks Watch AppUITests */ = {
			isa = PBXNativeTarget;
			buildConfigurationList = BE41D8F32BE97D7F00329BF4 /* Build configuration list for PBXNativeTarget "WatchLandmarks Watch AppUITests" */;
			buildPhases = (
				BE41D8DB2BE97D7F00329BF4 /* Sources */,
				BE41D8DC2BE97D7F00329BF4 /* Frameworks */,
				BE41D8DD2BE97D7F00329BF4 /* Resources */,
			);
			buildRules = (
			);
			dependencies = (
				BE41D8E12BE97D7F00329BF4 /* PBXTargetDependency */,
			);
			name = "WatchLandmarks Watch AppUITests";
			productName = "WatchLandmarks Watch AppUITests";
			productReference = BE41D8DF2BE97D7F00329BF4 /* WatchLandmarks Watch AppUITests.xctest */;
			productType = "com.apple.product-type.bundle.ui-testing";
		};
		BE41D90A2BE998C600329BF4 /* MacLandmarks */ = {
			isa = PBXNativeTarget;
			buildConfigurationList = BE41D92D2BE998C800329BF4 /* Build configuration list for PBXNativeTarget "MacLandmarks" */;
			buildPhases = (
				BE41D9072BE998C600329BF4 /* Sources */,
				BE41D9082BE998C600329BF4 /* Frameworks */,
				BE41D9092BE998C600329BF4 /* Resources */,
			);
			buildRules = (
			);
			dependencies = (
			);
			name = MacLandmarks;
			productName = MacLandmarks;
			productReference = BE41D90B2BE998C600329BF4 /* MacLandmarks.app */;
			productType = "com.apple.product-type.application";
		};
		BE41D91A2BE998C800329BF4 /* MacLandmarksTests */ = {
			isa = PBXNativeTarget;
			buildConfigurationList = BE41D9302BE998C800329BF4 /* Build configuration list for PBXNativeTarget "MacLandmarksTests" */;
			buildPhases = (
				BE41D9172BE998C800329BF4 /* Sources */,
				BE41D9182BE998C800329BF4 /* Frameworks */,
				BE41D9192BE998C800329BF4 /* Resources */,
			);
			buildRules = (
			);
			dependencies = (
				BE41D91D2BE998C800329BF4 /* PBXTargetDependency */,
			);
			name = MacLandmarksTests;
			productName = MacLandmarksTests;
			productReference = BE41D91B2BE998C800329BF4 /* MacLandmarksTests.xctest */;
			productType = "com.apple.product-type.bundle.unit-test";
		};
		BE41D9242BE998C800329BF4 /* MacLandmarksUITests */ = {
			isa = PBXNativeTarget;
			buildConfigurationList = BE41D9332BE998C800329BF4 /* Build configuration list for PBXNativeTarget "MacLandmarksUITests" */;
			buildPhases = (
				BE41D9212BE998C800329BF4 /* Sources */,
				BE41D9222BE998C800329BF4 /* Frameworks */,
				BE41D9232BE998C800329BF4 /* Resources */,
			);
			buildRules = (
			);
			dependencies = (
				BE41D9272BE998C800329BF4 /* PBXTargetDependency */,
			);
			name = MacLandmarksUITests;
			productName = MacLandmarksUITests;
			productReference = BE41D9252BE998C800329BF4 /* MacLandmarksUITests.xctest */;
			productType = "com.apple.product-type.bundle.ui-testing";
		};
/* End PBXNativeTarget section */

/* Begin PBXProject section */
		45EF28CF2B5F307300B57F1C /* Project object */ = {
			isa = PBXProject;
			attributes = {
				BuildIndependentTargetsInParallel = 1;
				LastSwiftUpdateCheck = 1530;
				LastUpgradeCheck = 1500;
				TargetAttributes = {
					45EF28D62B5F307300B57F1C = {
						CreatedOnToolsVersion = 15.0;
					};
					45EF28E62B5F307600B57F1C = {
						CreatedOnToolsVersion = 15.0;
						TestTargetID = 45EF28D62B5F307300B57F1C;
					};
					45EF28F02B5F307600B57F1C = {
						CreatedOnToolsVersion = 15.0;
						TestTargetID = 45EF28D62B5F307300B57F1C;
					};
					BE41D8C52BE97D7E00329BF4 = {
						CreatedOnToolsVersion = 15.3;
					};
					BE41D8D42BE97D7F00329BF4 = {
						CreatedOnToolsVersion = 15.3;
						TestTargetID = BE41D8C52BE97D7E00329BF4;
					};
					BE41D8DE2BE97D7F00329BF4 = {
						CreatedOnToolsVersion = 15.3;
						TestTargetID = BE41D8C52BE97D7E00329BF4;
					};
					BE41D90A2BE998C600329BF4 = {
						CreatedOnToolsVersion = 15.3;
					};
					BE41D91A2BE998C800329BF4 = {
						CreatedOnToolsVersion = 15.3;
						TestTargetID = BE41D90A2BE998C600329BF4;
					};
					BE41D9242BE998C800329BF4 = {
						CreatedOnToolsVersion = 15.3;
						TestTargetID = BE41D90A2BE998C600329BF4;
					};
				};
			};
			buildConfigurationList = 45EF28D22B5F307300B57F1C /* Build configuration list for PBXProject "Landmarks" */;
			compatibilityVersion = "Xcode 14.0";
			developmentRegion = en;
			hasScannedForEncodings = 0;
			knownRegions = (
				en,
				Base,
			);
			mainGroup = 45EF28CE2B5F307300B57F1C;
			productRefGroup = 45EF28D82B5F307300B57F1C /* Products */;
			projectDirPath = "";
			projectRoot = "";
			targets = (
				45EF28D62B5F307300B57F1C /* Landmarks */,
				45EF28E62B5F307600B57F1C /* LandmarksTests */,
				45EF28F02B5F307600B57F1C /* LandmarksUITests */,
				BE41D8C52BE97D7E00329BF4 /* WatchLandmarks Watch App */,
				BE41D8D42BE97D7F00329BF4 /* WatchLandmarks Watch AppTests */,
				BE41D8DE2BE97D7F00329BF4 /* WatchLandmarks Watch AppUITests */,
				BE41D90A2BE998C600329BF4 /* MacLandmarks */,
				BE41D91A2BE998C800329BF4 /* MacLandmarksTests */,
				BE41D9242BE998C800329BF4 /* MacLandmarksUITests */,
			);
		};
/* End PBXProject section */

/* Begin PBXResourcesBuildPhase section */
		45EF28D52B5F307300B57F1C /* Resources */ = {
			isa = PBXResourcesBuildPhase;
			buildActionMask = 2147483647;
			files = (
				45E3BA3B2BE182AF00C6193A /* hikeData.json in Resources */,
				45EF28E22B5F307600B57F1C /* Preview Assets.xcassets in Resources */,
				45EF28DF2B5F307600B57F1C /* Assets.xcassets in Resources */,
				45EF29092B5F376000B57F1C /* landmarkData.json in Resources */,
			);
			runOnlyForDeploymentPostprocessing = 0;
		};
		45EF28E52B5F307600B57F1C /* Resources */ = {
			isa = PBXResourcesBuildPhase;
			buildActionMask = 2147483647;
			files = (
			);
			runOnlyForDeploymentPostprocessing = 0;
		};
		45EF28EF2B5F307600B57F1C /* Resources */ = {
			isa = PBXResourcesBuildPhase;
			buildActionMask = 2147483647;
			files = (
			);
			runOnlyForDeploymentPostprocessing = 0;
		};
		BE41D8C42BE97D7E00329BF4 /* Resources */ = {
			isa = PBXResourcesBuildPhase;
			buildActionMask = 2147483647;
			files = (
				BE41D8D02BE97D7F00329BF4 /* Preview Assets.xcassets in Resources */,
				BE41D8CD2BE97D7F00329BF4 /* Assets.xcassets in Resources */,
				BE41D8FD2BE97E3F00329BF4 /* Assets.xcassets in Resources */,
				BE41D8FE2BE97E3F00329BF4 /* hikeData.json in Resources */,
				BE41D8FF2BE97E3F00329BF4 /* landmarkData.json in Resources */,
			);
			runOnlyForDeploymentPostprocessing = 0;
		};
		BE41D8D32BE97D7F00329BF4 /* Resources */ = {
			isa = PBXResourcesBuildPhase;
			buildActionMask = 2147483647;
			files = (
			);
			runOnlyForDeploymentPostprocessing = 0;
		};
		BE41D8DD2BE97D7F00329BF4 /* Resources */ = {
			isa = PBXResourcesBuildPhase;
			buildActionMask = 2147483647;
			files = (
			);
			runOnlyForDeploymentPostprocessing = 0;
		};
		BE41D9092BE998C600329BF4 /* Resources */ = {
			isa = PBXResourcesBuildPhase;
			buildActionMask = 2147483647;
			files = (
				BE41D9152BE998C800329BF4 /* Preview Assets.xcassets in Resources */,
				BE1D3B092BE9D339008E965C /* landmarkData.json in Resources */,
				BE1D3B0A2BE9D339008E965C /* hikeData.json in Resources */,
				BE1D3B0B2BE9D339008E965C /* Assets.xcassets in Resources */,
				BE41D9122BE998C800329BF4 /* Assets.xcassets in Resources */,
			);
			runOnlyForDeploymentPostprocessing = 0;
		};
		BE41D9192BE998C800329BF4 /* Resources */ = {
			isa = PBXResourcesBuildPhase;
			buildActionMask = 2147483647;
			files = (
			);
			runOnlyForDeploymentPostprocessing = 0;
		};
		BE41D9232BE998C800329BF4 /* Resources */ = {
			isa = PBXResourcesBuildPhase;
			buildActionMask = 2147483647;
			files = (
			);
			runOnlyForDeploymentPostprocessing = 0;
		};
/* End PBXResourcesBuildPhase section */

/* Begin PBXSourcesBuildPhase section */
		45EF28D32B5F307300B57F1C /* Sources */ = {
			isa = PBXSourcesBuildPhase;
			buildActionMask = 2147483647;
			files = (
				45E3BA3D2BE182CA00C6193A /* Hike.swift in Sources */,
				BE5A13932BE6ADF6001906F2 /* PageView.swift in Sources */,
				45EF28DD2B5F307300B57F1C /* ContentView.swift in Sources */,
				45EF29072B5F337000B57F1C /* MapView.swift in Sources */,
				45EF28DB2B5F307300B57F1C /* LandmarksApp.swift in Sources */,
				45E3BA4B2BE1882300C6193A /* CategoryHome.swift in Sources */,
				45E3BA542BE1A11500C6193A /* ProfileHost.swift in Sources */,
				45E3BA462BE183D200C6193A /* HikeGraph.swift in Sources */,
				BEC851302BE6EA540074F95F /* PageControl.swift in Sources */,
				45E3BA4D2BE18A2800C6193A /* CategoryRow.swift in Sources */,
				456CAEAB2B65ED1A006F61CD /* FavoriteButton.swift in Sources */,
				456CAEAF2B65F783006F61CD /* HexagonParameters.swift in Sources */,
				BE5A13912BE6AC5C001906F2 /* FeatureCard.swift in Sources */,
				456CAEB32B65FCC9006F61CD /* BadgeSymbol.swift in Sources */,
				45E3BA562BE1A17D00C6193A /* ProfileSummary.swift in Sources */,
				45E3BA4F2BE18B6900C6193A /* CategoryItem.swift in Sources */,
				45E3BA5A2BE1A79900C6193A /* ProfileEditor.swift in Sources */,
				456CAEA72B647DDB006F61CD /* LandmarkList.swift in Sources */,
				456CAEA92B647EB9006F61CD /* LandmarkDetail.swift in Sources */,
				BE2EC7FA2BE9DDB800366417 /* LandmarkCommands.swift in Sources */,
				45E3BA362BE1806500C6193A /* RotatedBadgeSymbol.swift in Sources */,
				45E3BA382BE180B600C6193A /* Badge.swift in Sources */,
				4551ED0A2B6C6E5000E6C11D /* SwiftUIView.swift in Sources */,
				45E3BA582BE1A2D400C6193A /* HikeBadge.swift in Sources */,
				45E3BA512BE1A06F00C6193A /* Profile.swift in Sources */,
				BE5A138F2BE6A9ED001906F2 /* PageViewController.swift in Sources */,
				456CAEB12B65F8D0006F61CD /* BadgeBackground.swift in Sources */,
				45EF29052B5F32FA00B57F1C /* CircleImage.swift in Sources */,
				45E3BA452BE183D200C6193A /* GraphCapsule.swift in Sources */,
				45E3BA482BE183D200C6193A /* HikeView.swift in Sources */,
				45EF290B2B5F377C00B57F1C /* Landmark.swift in Sources */,
				456CAEA52B647B4A006F61CD /* LandmarkRow.swift in Sources */,
				456CAEA02B6479D5006F61CD /* ModelData.swift in Sources */,
				45E3BA472BE183D200C6193A /* HikeDetail.swift in Sources */,
			);
			runOnlyForDeploymentPostprocessing = 0;
		};
		45EF28E32B5F307600B57F1C /* Sources */ = {
			isa = PBXSourcesBuildPhase;
			buildActionMask = 2147483647;
			files = (
				45EF28EC2B5F307600B57F1C /* LandmarksTests.swift in Sources */,
			);
			runOnlyForDeploymentPostprocessing = 0;
		};
		45EF28ED2B5F307600B57F1C /* Sources */ = {
			isa = PBXSourcesBuildPhase;
			buildActionMask = 2147483647;
			files = (
				45EF28F82B5F307600B57F1C /* LandmarksUITestsLaunchTests.swift in Sources */,
				45EF28F62B5F307600B57F1C /* LandmarksUITests.swift in Sources */,
			);
			runOnlyForDeploymentPostprocessing = 0;
		};
		BE41D8C22BE97D7E00329BF4 /* Sources */ = {
			isa = PBXSourcesBuildPhase;
			buildActionMask = 2147483647;
			files = (
				BE41D8CB2BE97D7E00329BF4 /* ContentView.swift in Sources */,
				BE41D8F42BE97E3F00329BF4 /* Hike.swift in Sources */,
				BE41D8F52BE97E3F00329BF4 /* Profile.swift in Sources */,
				BE1D3B192BE9D859008E965C /* LandmarkList.swift in Sources */,
				BE41D8F62BE97E3F00329BF4 /* MapView.swift in Sources */,
				BE41D8F72BE97E3F00329BF4 /* Landmark.swift in Sources */,
				BE41D8F82BE97E3F00329BF4 /* ModelData.swift in Sources */,
				BE41D8F92BE97E3F00329BF4 /* LandmarksApp.swift in Sources */,
				BE41D8FB2BE97E3F00329BF4 /* LandmarkRow.swift in Sources */,
				BE41D9052BE98C5800329BF4 /* NotificationController.swift in Sources */,
				BE41D8FC2BE97E3F00329BF4 /* CircleImage.swift in Sources */,
				BE41D9012BE97EAA00329BF4 /* LandmarkDetail.swift in Sources */,
				BE41D9032BE98B7000329BF4 /* NotificationView.swift in Sources */,
			);
			runOnlyForDeploymentPostprocessing = 0;
		};
		BE41D8D12BE97D7F00329BF4 /* Sources */ = {
			isa = PBXSourcesBuildPhase;
			buildActionMask = 2147483647;
			files = (
				BE41D8DA2BE97D7F00329BF4 /* WatchLandmarks_Watch_AppTests.swift in Sources */,
			);
			runOnlyForDeploymentPostprocessing = 0;
		};
		BE41D8DB2BE97D7F00329BF4 /* Sources */ = {
			isa = PBXSourcesBuildPhase;
			buildActionMask = 2147483647;
			files = (
				BE41D8E62BE97D7F00329BF4 /* WatchLandmarks_Watch_AppUITestsLaunchTests.swift in Sources */,
				BE41D8E42BE97D7F00329BF4 /* WatchLandmarks_Watch_AppUITests.swift in Sources */,
			);
			runOnlyForDeploymentPostprocessing = 0;
		};
		BE41D9072BE998C600329BF4 /* Sources */ = {
			isa = PBXSourcesBuildPhase;
			buildActionMask = 2147483647;
			files = (
				BE1D3B0C2BE9D339008E965C /* LandmarksApp.swift in Sources */,
				BE1D3B0D2BE9D339008E965C /* Hike.swift in Sources */,
				BE2EC7FE2BE9E23900366417 /* LandmarkSettings.swift in Sources */,
				BE1D3B0E2BE9D339008E965C /* LandmarkList.swift in Sources */,
				BE1D3B0F2BE9D339008E965C /* FavoriteButton.swift in Sources */,
				BE2EC7FB2BE9DDB800366417 /* LandmarkCommands.swift in Sources */,
				BE1D3B172BE9D3B8008E965C /* LandmarkDetail.swift in Sources */,
				BE1D3B102BE9D339008E965C /* Landmark.swift in Sources */,
				BE1D3B112BE9D339008E965C /* MapView.swift in Sources */,
				BE1D3B122BE9D339008E965C /* ModelData.swift in Sources */,
				BE1D3B132BE9D339008E965C /* LandmarkRow.swift in Sources */,
				BE1D3B142BE9D339008E965C /* CircleImage.swift in Sources */,
				BE1D3B152BE9D339008E965C /* Profile.swift in Sources */,
				BE41D9102BE998C600329BF4 /* ContentView.swift in Sources */,
			);
			runOnlyForDeploymentPostprocessing = 0;
		};
		BE41D9172BE998C800329BF4 /* Sources */ = {
			isa = PBXSourcesBuildPhase;
			buildActionMask = 2147483647;
			files = (
				BE41D9202BE998C800329BF4 /* MacLandmarksTests.swift in Sources */,
			);
			runOnlyForDeploymentPostprocessing = 0;
		};
		BE41D9212BE998C800329BF4 /* Sources */ = {
			isa = PBXSourcesBuildPhase;
			buildActionMask = 2147483647;
			files = (
				BE41D92C2BE998C800329BF4 /* MacLandmarksUITestsLaunchTests.swift in Sources */,
				BE41D92A2BE998C800329BF4 /* MacLandmarksUITests.swift in Sources */,
			);
			runOnlyForDeploymentPostprocessing = 0;
		};
/* End PBXSourcesBuildPhase section */

/* Begin PBXTargetDependency section */
		45EF28E92B5F307600B57F1C /* PBXTargetDependency */ = {
			isa = PBXTargetDependency;
			target = 45EF28D62B5F307300B57F1C /* Landmarks */;
			targetProxy = 45EF28E82B5F307600B57F1C /* PBXContainerItemProxy */;
		};
		45EF28F32B5F307600B57F1C /* PBXTargetDependency */ = {
			isa = PBXTargetDependency;
			target = 45EF28D62B5F307300B57F1C /* Landmarks */;
			targetProxy = 45EF28F22B5F307600B57F1C /* PBXContainerItemProxy */;
		};
		BE41D8D72BE97D7F00329BF4 /* PBXTargetDependency */ = {
			isa = PBXTargetDependency;
			target = BE41D8C52BE97D7E00329BF4 /* WatchLandmarks Watch App */;
			targetProxy = BE41D8D62BE97D7F00329BF4 /* PBXContainerItemProxy */;
		};
		BE41D8E12BE97D7F00329BF4 /* PBXTargetDependency */ = {
			isa = PBXTargetDependency;
			target = BE41D8C52BE97D7E00329BF4 /* WatchLandmarks Watch App */;
			targetProxy = BE41D8E02BE97D7F00329BF4 /* PBXContainerItemProxy */;
		};
		BE41D8E82BE97D7F00329BF4 /* PBXTargetDependency */ = {
			isa = PBXTargetDependency;
			target = BE41D8C52BE97D7E00329BF4 /* WatchLandmarks Watch App */;
			targetProxy = BE41D8E72BE97D7F00329BF4 /* PBXContainerItemProxy */;
		};
		BE41D91D2BE998C800329BF4 /* PBXTargetDependency */ = {
			isa = PBXTargetDependency;
			target = BE41D90A2BE998C600329BF4 /* MacLandmarks */;
			targetProxy = BE41D91C2BE998C800329BF4 /* PBXContainerItemProxy */;
		};
		BE41D9272BE998C800329BF4 /* PBXTargetDependency */ = {
			isa = PBXTargetDependency;
			target = BE41D90A2BE998C600329BF4 /* MacLandmarks */;
			targetProxy = BE41D9262BE998C800329BF4 /* PBXContainerItemProxy */;
		};
/* End PBXTargetDependency section */

/* Begin XCBuildConfiguration section */
		45EF28F92B5F307600B57F1C /* Debug */ = {
			isa = XCBuildConfiguration;
			buildSettings = {
				ALWAYS_SEARCH_USER_PATHS = NO;
				ASSETCATALOG_COMPILER_GENERATE_SWIFT_ASSET_SYMBOL_EXTENSIONS = YES;
				CLANG_ANALYZER_NONNULL = YES;
				CLANG_ANALYZER_NUMBER_OBJECT_CONVERSION = YES_AGGRESSIVE;
				CLANG_CXX_LANGUAGE_STANDARD = "gnu++20";
				CLANG_ENABLE_MODULES = YES;
				CLANG_ENABLE_OBJC_ARC = YES;
				CLANG_ENABLE_OBJC_WEAK = YES;
				CLANG_WARN_BLOCK_CAPTURE_AUTORELEASING = YES;
				CLANG_WARN_BOOL_CONVERSION = YES;
				CLANG_WARN_COMMA = YES;
				CLANG_WARN_CONSTANT_CONVERSION = YES;
				CLANG_WARN_DEPRECATED_OBJC_IMPLEMENTATIONS = YES;
				CLANG_WARN_DIRECT_OBJC_ISA_USAGE = YES_ERROR;
				CLANG_WARN_DOCUMENTATION_COMMENTS = YES;
				CLANG_WARN_EMPTY_BODY = YES;
				CLANG_WARN_ENUM_CONVERSION = YES;
				CLANG_WARN_INFINITE_RECURSION = YES;
				CLANG_WARN_INT_CONVERSION = YES;
				CLANG_WARN_NON_LITERAL_NULL_CONVERSION = YES;
				CLANG_WARN_OBJC_IMPLICIT_RETAIN_SELF = YES;
				CLANG_WARN_OBJC_LITERAL_CONVERSION = YES;
				CLANG_WARN_OBJC_ROOT_CLASS = YES_ERROR;
				CLANG_WARN_QUOTED_INCLUDE_IN_FRAMEWORK_HEADER = YES;
				CLANG_WARN_RANGE_LOOP_ANALYSIS = YES;
				CLANG_WARN_STRICT_PROTOTYPES = YES;
				CLANG_WARN_SUSPICIOUS_MOVE = YES;
				CLANG_WARN_UNGUARDED_AVAILABILITY = YES_AGGRESSIVE;
				CLANG_WARN_UNREACHABLE_CODE = YES;
				CLANG_WARN__DUPLICATE_METHOD_MATCH = YES;
				COPY_PHASE_STRIP = NO;
				DEBUG_INFORMATION_FORMAT = dwarf;
				ENABLE_STRICT_OBJC_MSGSEND = YES;
				ENABLE_TESTABILITY = YES;
				ENABLE_USER_SCRIPT_SANDBOXING = YES;
				GCC_C_LANGUAGE_STANDARD = gnu17;
				GCC_DYNAMIC_NO_PIC = NO;
				GCC_NO_COMMON_BLOCKS = YES;
				GCC_OPTIMIZATION_LEVEL = 0;
				GCC_PREPROCESSOR_DEFINITIONS = (
					"DEBUG=1",
					"$(inherited)",
				);
				GCC_WARN_64_TO_32_BIT_CONVERSION = YES;
				GCC_WARN_ABOUT_RETURN_TYPE = YES_ERROR;
				GCC_WARN_UNDECLARED_SELECTOR = YES;
				GCC_WARN_UNINITIALIZED_AUTOS = YES_AGGRESSIVE;
				GCC_WARN_UNUSED_FUNCTION = YES;
				GCC_WARN_UNUSED_VARIABLE = YES;
				IPHONEOS_DEPLOYMENT_TARGET = 17.0;
				LOCALIZATION_PREFERS_STRING_CATALOGS = YES;
				MTL_ENABLE_DEBUG_INFO = INCLUDE_SOURCE;
				MTL_FAST_MATH = YES;
				ONLY_ACTIVE_ARCH = YES;
				SDKROOT = iphoneos;
				SWIFT_ACTIVE_COMPILATION_CONDITIONS = "DEBUG $(inherited)";
				SWIFT_OPTIMIZATION_LEVEL = "-Onone";
			};
			name = Debug;
		};
		45EF28FA2B5F307600B57F1C /* Release */ = {
			isa = XCBuildConfiguration;
			buildSettings = {
				ALWAYS_SEARCH_USER_PATHS = NO;
				ASSETCATALOG_COMPILER_GENERATE_SWIFT_ASSET_SYMBOL_EXTENSIONS = YES;
				CLANG_ANALYZER_NONNULL = YES;
				CLANG_ANALYZER_NUMBER_OBJECT_CONVERSION = YES_AGGRESSIVE;
				CLANG_CXX_LANGUAGE_STANDARD = "gnu++20";
				CLANG_ENABLE_MODULES = YES;
				CLANG_ENABLE_OBJC_ARC = YES;
				CLANG_ENABLE_OBJC_WEAK = YES;
				CLANG_WARN_BLOCK_CAPTURE_AUTORELEASING = YES;
				CLANG_WARN_BOOL_CONVERSION = YES;
				CLANG_WARN_COMMA = YES;
				CLANG_WARN_CONSTANT_CONVERSION = YES;
				CLANG_WARN_DEPRECATED_OBJC_IMPLEMENTATIONS = YES;
				CLANG_WARN_DIRECT_OBJC_ISA_USAGE = YES_ERROR;
				CLANG_WARN_DOCUMENTATION_COMMENTS = YES;
				CLANG_WARN_EMPTY_BODY = YES;
				CLANG_WARN_ENUM_CONVERSION = YES;
				CLANG_WARN_INFINITE_RECURSION = YES;
				CLANG_WARN_INT_CONVERSION = YES;
				CLANG_WARN_NON_LITERAL_NULL_CONVERSION = YES;
				CLANG_WARN_OBJC_IMPLICIT_RETAIN_SELF = YES;
				CLANG_WARN_OBJC_LITERAL_CONVERSION = YES;
				CLANG_WARN_OBJC_ROOT_CLASS = YES_ERROR;
				CLANG_WARN_QUOTED_INCLUDE_IN_FRAMEWORK_HEADER = YES;
				CLANG_WARN_RANGE_LOOP_ANALYSIS = YES;
				CLANG_WARN_STRICT_PROTOTYPES = YES;
				CLANG_WARN_SUSPICIOUS_MOVE = YES;
				CLANG_WARN_UNGUARDED_AVAILABILITY = YES_AGGRESSIVE;
				CLANG_WARN_UNREACHABLE_CODE = YES;
				CLANG_WARN__DUPLICATE_METHOD_MATCH = YES;
				COPY_PHASE_STRIP = NO;
				DEBUG_INFORMATION_FORMAT = "dwarf-with-dsym";
				ENABLE_NS_ASSERTIONS = NO;
				ENABLE_STRICT_OBJC_MSGSEND = YES;
				ENABLE_USER_SCRIPT_SANDBOXING = YES;
				GCC_C_LANGUAGE_STANDARD = gnu17;
				GCC_NO_COMMON_BLOCKS = YES;
				GCC_WARN_64_TO_32_BIT_CONVERSION = YES;
				GCC_WARN_ABOUT_RETURN_TYPE = YES_ERROR;
				GCC_WARN_UNDECLARED_SELECTOR = YES;
				GCC_WARN_UNINITIALIZED_AUTOS = YES_AGGRESSIVE;
				GCC_WARN_UNUSED_FUNCTION = YES;
				GCC_WARN_UNUSED_VARIABLE = YES;
				IPHONEOS_DEPLOYMENT_TARGET = 17.0;
				LOCALIZATION_PREFERS_STRING_CATALOGS = YES;
				MTL_ENABLE_DEBUG_INFO = NO;
				MTL_FAST_MATH = YES;
				SDKROOT = iphoneos;
				SWIFT_COMPILATION_MODE = wholemodule;
				VALIDATE_PRODUCT = YES;
			};
			name = Release;
		};
		45EF28FC2B5F307600B57F1C /* Debug */ = {
			isa = XCBuildConfiguration;
			buildSettings = {
				ALWAYS_EMBED_SWIFT_STANDARD_LIBRARIES = YES;
				ASSETCATALOG_COMPILER_APPICON_NAME = AppIcon;
				ASSETCATALOG_COMPILER_GLOBAL_ACCENT_COLOR_NAME = AccentColor;
				CODE_SIGN_STYLE = Automatic;
				CURRENT_PROJECT_VERSION = 1;
				DEVELOPMENT_ASSET_PATHS = "\"Landmarks/Preview Content\"";
				DEVELOPMENT_TEAM = 6W3K7UNFYX;
				ENABLE_PREVIEWS = YES;
				GENERATE_INFOPLIST_FILE = YES;
				INFOPLIST_KEY_UIApplicationSceneManifest_Generation = YES;
				INFOPLIST_KEY_UIApplicationSupportsIndirectInputEvents = YES;
				INFOPLIST_KEY_UILaunchScreen_Generation = YES;
				INFOPLIST_KEY_UISupportedInterfaceOrientations_iPad = "UIInterfaceOrientationPortrait UIInterfaceOrientationPortraitUpsideDown UIInterfaceOrientationLandscapeLeft UIInterfaceOrientationLandscapeRight";
				INFOPLIST_KEY_UISupportedInterfaceOrientations_iPhone = "UIInterfaceOrientationPortrait UIInterfaceOrientationLandscapeLeft UIInterfaceOrientationLandscapeRight";
				LD_RUNPATH_SEARCH_PATHS = (
					"$(inherited)",
					"@executable_path/Frameworks",
				);
				MARKETING_VERSION = 1.0;
				PRODUCT_BUNDLE_IDENTIFIER = com.marcustwichel.Landmarks;
				PRODUCT_NAME = "$(TARGET_NAME)";
				SWIFT_EMIT_LOC_STRINGS = YES;
				SWIFT_VERSION = 5.0;
				TARGETED_DEVICE_FAMILY = "1,2";
			};
			name = Debug;
		};
		45EF28FD2B5F307600B57F1C /* Release */ = {
			isa = XCBuildConfiguration;
			buildSettings = {
				ALWAYS_EMBED_SWIFT_STANDARD_LIBRARIES = YES;
				ASSETCATALOG_COMPILER_APPICON_NAME = AppIcon;
				ASSETCATALOG_COMPILER_GLOBAL_ACCENT_COLOR_NAME = AccentColor;
				CODE_SIGN_STYLE = Automatic;
				CURRENT_PROJECT_VERSION = 1;
				DEVELOPMENT_ASSET_PATHS = "\"Landmarks/Preview Content\"";
				DEVELOPMENT_TEAM = 6W3K7UNFYX;
				ENABLE_PREVIEWS = YES;
				GENERATE_INFOPLIST_FILE = YES;
				INFOPLIST_KEY_UIApplicationSceneManifest_Generation = YES;
				INFOPLIST_KEY_UIApplicationSupportsIndirectInputEvents = YES;
				INFOPLIST_KEY_UILaunchScreen_Generation = YES;
				INFOPLIST_KEY_UISupportedInterfaceOrientations_iPad = "UIInterfaceOrientationPortrait UIInterfaceOrientationPortraitUpsideDown UIInterfaceOrientationLandscapeLeft UIInterfaceOrientationLandscapeRight";
				INFOPLIST_KEY_UISupportedInterfaceOrientations_iPhone = "UIInterfaceOrientationPortrait UIInterfaceOrientationLandscapeLeft UIInterfaceOrientationLandscapeRight";
				LD_RUNPATH_SEARCH_PATHS = (
					"$(inherited)",
					"@executable_path/Frameworks",
				);
				MARKETING_VERSION = 1.0;
				PRODUCT_BUNDLE_IDENTIFIER = com.marcustwichel.Landmarks;
				PRODUCT_NAME = "$(TARGET_NAME)";
				SWIFT_EMIT_LOC_STRINGS = YES;
				SWIFT_VERSION = 5.0;
				TARGETED_DEVICE_FAMILY = "1,2";
			};
			name = Release;
		};
		45EF28FF2B5F307600B57F1C /* Debug */ = {
			isa = XCBuildConfiguration;
			buildSettings = {
				ALWAYS_EMBED_SWIFT_STANDARD_LIBRARIES = YES;
				BUNDLE_LOADER = "$(TEST_HOST)";
				CODE_SIGN_STYLE = Automatic;
				CURRENT_PROJECT_VERSION = 1;
				DEVELOPMENT_TEAM = 6W3K7UNFYX;
				GENERATE_INFOPLIST_FILE = YES;
				IPHONEOS_DEPLOYMENT_TARGET = 17.0;
				MARKETING_VERSION = 1.0;
				PRODUCT_BUNDLE_IDENTIFIER = com.marcustwichel.LandmarksTests;
				PRODUCT_NAME = "$(TARGET_NAME)";
				SWIFT_EMIT_LOC_STRINGS = NO;
				SWIFT_VERSION = 5.0;
				TARGETED_DEVICE_FAMILY = "1,2";
				TEST_HOST = "$(BUILT_PRODUCTS_DIR)/Landmarks.app/$(BUNDLE_EXECUTABLE_FOLDER_PATH)/Landmarks";
			};
			name = Debug;
		};
		45EF29002B5F307600B57F1C /* Release */ = {
			isa = XCBuildConfiguration;
			buildSettings = {
				ALWAYS_EMBED_SWIFT_STANDARD_LIBRARIES = YES;
				BUNDLE_LOADER = "$(TEST_HOST)";
				CODE_SIGN_STYLE = Automatic;
				CURRENT_PROJECT_VERSION = 1;
				DEVELOPMENT_TEAM = 6W3K7UNFYX;
				GENERATE_INFOPLIST_FILE = YES;
				IPHONEOS_DEPLOYMENT_TARGET = 17.0;
				MARKETING_VERSION = 1.0;
				PRODUCT_BUNDLE_IDENTIFIER = com.marcustwichel.LandmarksTests;
				PRODUCT_NAME = "$(TARGET_NAME)";
				SWIFT_EMIT_LOC_STRINGS = NO;
				SWIFT_VERSION = 5.0;
				TARGETED_DEVICE_FAMILY = "1,2";
				TEST_HOST = "$(BUILT_PRODUCTS_DIR)/Landmarks.app/$(BUNDLE_EXECUTABLE_FOLDER_PATH)/Landmarks";
			};
			name = Release;
		};
		45EF29022B5F307600B57F1C /* Debug */ = {
			isa = XCBuildConfiguration;
			buildSettings = {
				ALWAYS_EMBED_SWIFT_STANDARD_LIBRARIES = YES;
				CODE_SIGN_STYLE = Automatic;
				CURRENT_PROJECT_VERSION = 1;
				DEVELOPMENT_TEAM = 6W3K7UNFYX;
				GENERATE_INFOPLIST_FILE = YES;
				MARKETING_VERSION = 1.0;
				PRODUCT_BUNDLE_IDENTIFIER = com.marcustwichel.LandmarksUITests;
				PRODUCT_NAME = "$(TARGET_NAME)";
				SWIFT_EMIT_LOC_STRINGS = NO;
				SWIFT_VERSION = 5.0;
				TARGETED_DEVICE_FAMILY = "1,2";
				TEST_TARGET_NAME = Landmarks;
			};
			name = Debug;
		};
		45EF29032B5F307600B57F1C /* Release */ = {
			isa = XCBuildConfiguration;
			buildSettings = {
				ALWAYS_EMBED_SWIFT_STANDARD_LIBRARIES = YES;
				CODE_SIGN_STYLE = Automatic;
				CURRENT_PROJECT_VERSION = 1;
				DEVELOPMENT_TEAM = 6W3K7UNFYX;
				GENERATE_INFOPLIST_FILE = YES;
				MARKETING_VERSION = 1.0;
				PRODUCT_BUNDLE_IDENTIFIER = com.marcustwichel.LandmarksUITests;
				PRODUCT_NAME = "$(TARGET_NAME)";
				SWIFT_EMIT_LOC_STRINGS = NO;
				SWIFT_VERSION = 5.0;
				TARGETED_DEVICE_FAMILY = "1,2";
				TEST_TARGET_NAME = Landmarks;
			};
			name = Release;
		};
		BE41D8EB2BE97D7F00329BF4 /* Debug */ = {
			isa = XCBuildConfiguration;
			buildSettings = {
				ASSETCATALOG_COMPILER_APPICON_NAME = AppIcon;
				ASSETCATALOG_COMPILER_GLOBAL_ACCENT_COLOR_NAME = AccentColor;
				CODE_SIGN_STYLE = Automatic;
				CURRENT_PROJECT_VERSION = 1;
				DEVELOPMENT_ASSET_PATHS = "\"WatchLandmarks Watch App/Preview Content\"";
				DEVELOPMENT_TEAM = 6W3K7UNFYX;
				ENABLE_PREVIEWS = YES;
				GENERATE_INFOPLIST_FILE = YES;
				INFOPLIST_KEY_CFBundleDisplayName = WatchLandmarks;
				INFOPLIST_KEY_UISupportedInterfaceOrientations = "UIInterfaceOrientationPortrait UIInterfaceOrientationPortraitUpsideDown";
				INFOPLIST_KEY_WKCompanionAppBundleIdentifier = com.marcustwichel.Landmarks;
				INFOPLIST_KEY_WKRunsIndependentlyOfCompanionApp = YES;
				LD_RUNPATH_SEARCH_PATHS = (
					"$(inherited)",
					"@executable_path/Frameworks",
				);
				MARKETING_VERSION = 1.0;
				PRODUCT_BUNDLE_IDENTIFIER = com.marcustwichel.Landmarks.watchkitapp;
				PRODUCT_NAME = "$(TARGET_NAME)";
				SDKROOT = watchos;
				SKIP_INSTALL = YES;
				SWIFT_EMIT_LOC_STRINGS = YES;
				SWIFT_VERSION = 5.0;
				TARGETED_DEVICE_FAMILY = 4;
				WATCHOS_DEPLOYMENT_TARGET = 10.4;
			};
			name = Debug;
		};
		BE41D8EC2BE97D7F00329BF4 /* Release */ = {
			isa = XCBuildConfiguration;
			buildSettings = {
				ASSETCATALOG_COMPILER_APPICON_NAME = AppIcon;
				ASSETCATALOG_COMPILER_GLOBAL_ACCENT_COLOR_NAME = AccentColor;
				CODE_SIGN_STYLE = Automatic;
				CURRENT_PROJECT_VERSION = 1;
				DEVELOPMENT_ASSET_PATHS = "\"WatchLandmarks Watch App/Preview Content\"";
				DEVELOPMENT_TEAM = 6W3K7UNFYX;
				ENABLE_PREVIEWS = YES;
				GENERATE_INFOPLIST_FILE = YES;
				INFOPLIST_KEY_CFBundleDisplayName = WatchLandmarks;
				INFOPLIST_KEY_UISupportedInterfaceOrientations = "UIInterfaceOrientationPortrait UIInterfaceOrientationPortraitUpsideDown";
				INFOPLIST_KEY_WKCompanionAppBundleIdentifier = com.marcustwichel.Landmarks;
				INFOPLIST_KEY_WKRunsIndependentlyOfCompanionApp = YES;
				LD_RUNPATH_SEARCH_PATHS = (
					"$(inherited)",
					"@executable_path/Frameworks",
				);
				MARKETING_VERSION = 1.0;
				PRODUCT_BUNDLE_IDENTIFIER = com.marcustwichel.Landmarks.watchkitapp;
				PRODUCT_NAME = "$(TARGET_NAME)";
				SDKROOT = watchos;
				SKIP_INSTALL = YES;
				SWIFT_EMIT_LOC_STRINGS = YES;
				SWIFT_VERSION = 5.0;
				TARGETED_DEVICE_FAMILY = 4;
				WATCHOS_DEPLOYMENT_TARGET = 10.4;
			};
			name = Release;
		};
		BE41D8ED2BE97D7F00329BF4 /* Debug */ = {
			isa = XCBuildConfiguration;
			buildSettings = {
				ALWAYS_EMBED_SWIFT_STANDARD_LIBRARIES = YES;
				BUNDLE_LOADER = "$(TEST_HOST)";
				CODE_SIGN_STYLE = Automatic;
				CURRENT_PROJECT_VERSION = 1;
				DEVELOPMENT_TEAM = 6W3K7UNFYX;
				GENERATE_INFOPLIST_FILE = YES;
				MARKETING_VERSION = 1.0;
				PRODUCT_BUNDLE_IDENTIFIER = "com.marcustwichel.WatchLandmarks-Watch-AppTests";
				PRODUCT_NAME = "$(TARGET_NAME)";
				SDKROOT = watchos;
				SWIFT_EMIT_LOC_STRINGS = NO;
				SWIFT_VERSION = 5.0;
				TARGETED_DEVICE_FAMILY = 4;
				TEST_HOST = "$(BUILT_PRODUCTS_DIR)/WatchLandmarks Watch App.app/$(BUNDLE_EXECUTABLE_FOLDER_PATH)/WatchLandmarks Watch App";
				WATCHOS_DEPLOYMENT_TARGET = 10.4;
			};
			name = Debug;
		};
		BE41D8EE2BE97D7F00329BF4 /* Release */ = {
			isa = XCBuildConfiguration;
			buildSettings = {
				ALWAYS_EMBED_SWIFT_STANDARD_LIBRARIES = YES;
				BUNDLE_LOADER = "$(TEST_HOST)";
				CODE_SIGN_STYLE = Automatic;
				CURRENT_PROJECT_VERSION = 1;
				DEVELOPMENT_TEAM = 6W3K7UNFYX;
				GENERATE_INFOPLIST_FILE = YES;
				MARKETING_VERSION = 1.0;
				PRODUCT_BUNDLE_IDENTIFIER = "com.marcustwichel.WatchLandmarks-Watch-AppTests";
				PRODUCT_NAME = "$(TARGET_NAME)";
				SDKROOT = watchos;
				SWIFT_EMIT_LOC_STRINGS = NO;
				SWIFT_VERSION = 5.0;
				TARGETED_DEVICE_FAMILY = 4;
				TEST_HOST = "$(BUILT_PRODUCTS_DIR)/WatchLandmarks Watch App.app/$(BUNDLE_EXECUTABLE_FOLDER_PATH)/WatchLandmarks Watch App";
				WATCHOS_DEPLOYMENT_TARGET = 10.4;
			};
			name = Release;
		};
		BE41D8EF2BE97D7F00329BF4 /* Debug */ = {
			isa = XCBuildConfiguration;
			buildSettings = {
				ALWAYS_EMBED_SWIFT_STANDARD_LIBRARIES = YES;
				CODE_SIGN_STYLE = Automatic;
				CURRENT_PROJECT_VERSION = 1;
				DEVELOPMENT_TEAM = 6W3K7UNFYX;
				GENERATE_INFOPLIST_FILE = YES;
				MARKETING_VERSION = 1.0;
				PRODUCT_BUNDLE_IDENTIFIER = "com.marcustwichel.WatchLandmarks-Watch-AppUITests";
				PRODUCT_NAME = "$(TARGET_NAME)";
				SDKROOT = watchos;
				SWIFT_EMIT_LOC_STRINGS = NO;
				SWIFT_VERSION = 5.0;
				TARGETED_DEVICE_FAMILY = 4;
				TEST_TARGET_NAME = "WatchLandmarks Watch App";
				WATCHOS_DEPLOYMENT_TARGET = 10.4;
			};
			name = Debug;
		};
		BE41D8F02BE97D7F00329BF4 /* Release */ = {
			isa = XCBuildConfiguration;
			buildSettings = {
				ALWAYS_EMBED_SWIFT_STANDARD_LIBRARIES = YES;
				CODE_SIGN_STYLE = Automatic;
				CURRENT_PROJECT_VERSION = 1;
				DEVELOPMENT_TEAM = 6W3K7UNFYX;
				GENERATE_INFOPLIST_FILE = YES;
				MARKETING_VERSION = 1.0;
				PRODUCT_BUNDLE_IDENTIFIER = "com.marcustwichel.WatchLandmarks-Watch-AppUITests";
				PRODUCT_NAME = "$(TARGET_NAME)";
				SDKROOT = watchos;
				SWIFT_EMIT_LOC_STRINGS = NO;
				SWIFT_VERSION = 5.0;
				TARGETED_DEVICE_FAMILY = 4;
				TEST_TARGET_NAME = "WatchLandmarks Watch App";
				WATCHOS_DEPLOYMENT_TARGET = 10.4;
			};
			name = Release;
		};
		BE41D92E2BE998C800329BF4 /* Debug */ = {
			isa = XCBuildConfiguration;
			buildSettings = {
				ASSETCATALOG_COMPILER_APPICON_NAME = AppIcon;
				ASSETCATALOG_COMPILER_GLOBAL_ACCENT_COLOR_NAME = AccentColor;
				ASSETCATALOG_COMPILER_INCLUDE_ALL_APPICON_ASSETS = NO;
				CODE_SIGN_ENTITLEMENTS = MacLandmarks/MacLandmarks.entitlements;
				CODE_SIGN_STYLE = Automatic;
				COMBINE_HIDPI_IMAGES = YES;
				CURRENT_PROJECT_VERSION = 1;
				DEVELOPMENT_ASSET_PATHS = "\"MacLandmarks/Preview Content\"";
				DEVELOPMENT_TEAM = 6W3K7UNFYX;
				ENABLE_HARDENED_RUNTIME = YES;
				ENABLE_PREVIEWS = YES;
				GENERATE_INFOPLIST_FILE = YES;
				INFOPLIST_KEY_NSHumanReadableCopyright = "";
				LD_RUNPATH_SEARCH_PATHS = (
					"$(inherited)",
					"@executable_path/../Frameworks",
				);
				MACOSX_DEPLOYMENT_TARGET = 14.4;
				MARKETING_VERSION = 1.0;
				PRODUCT_BUNDLE_IDENTIFIER = com.marcustwichel.MacLandmarks;
				PRODUCT_NAME = "$(TARGET_NAME)";
				SDKROOT = macosx;
				SWIFT_EMIT_LOC_STRINGS = YES;
				SWIFT_VERSION = 5.0;
			};
			name = Debug;
		};
		BE41D92F2BE998C800329BF4 /* Release */ = {
			isa = XCBuildConfiguration;
			buildSettings = {
				ASSETCATALOG_COMPILER_APPICON_NAME = AppIcon;
				ASSETCATALOG_COMPILER_GLOBAL_ACCENT_COLOR_NAME = AccentColor;
				ASSETCATALOG_COMPILER_INCLUDE_ALL_APPICON_ASSETS = NO;
				CODE_SIGN_ENTITLEMENTS = MacLandmarks/MacLandmarks.entitlements;
				CODE_SIGN_STYLE = Automatic;
				COMBINE_HIDPI_IMAGES = YES;
				CURRENT_PROJECT_VERSION = 1;
				DEVELOPMENT_ASSET_PATHS = "\"MacLandmarks/Preview Content\"";
				DEVELOPMENT_TEAM = 6W3K7UNFYX;
				ENABLE_HARDENED_RUNTIME = YES;
				ENABLE_PREVIEWS = YES;
				GENERATE_INFOPLIST_FILE = YES;
				INFOPLIST_KEY_NSHumanReadableCopyright = "";
				LD_RUNPATH_SEARCH_PATHS = (
					"$(inherited)",
					"@executable_path/../Frameworks",
				);
				MACOSX_DEPLOYMENT_TARGET = 14.4;
				MARKETING_VERSION = 1.0;
				PRODUCT_BUNDLE_IDENTIFIER = com.marcustwichel.MacLandmarks;
				PRODUCT_NAME = "$(TARGET_NAME)";
				SDKROOT = macosx;
				SWIFT_EMIT_LOC_STRINGS = YES;
				SWIFT_VERSION = 5.0;
			};
			name = Release;
		};
		BE41D9312BE998C800329BF4 /* Debug */ = {
			isa = XCBuildConfiguration;
			buildSettings = {
				ALWAYS_EMBED_SWIFT_STANDARD_LIBRARIES = YES;
				BUNDLE_LOADER = "$(TEST_HOST)";
				CODE_SIGN_STYLE = Automatic;
				CURRENT_PROJECT_VERSION = 1;
				DEVELOPMENT_TEAM = 6W3K7UNFYX;
				GENERATE_INFOPLIST_FILE = YES;
				MACOSX_DEPLOYMENT_TARGET = 14.4;
				MARKETING_VERSION = 1.0;
				PRODUCT_BUNDLE_IDENTIFIER = com.marcustwichel.MacLandmarksTests;
				PRODUCT_NAME = "$(TARGET_NAME)";
				SDKROOT = macosx;
				SWIFT_EMIT_LOC_STRINGS = NO;
				SWIFT_VERSION = 5.0;
				TEST_HOST = "$(BUILT_PRODUCTS_DIR)/MacLandmarks.app/$(BUNDLE_EXECUTABLE_FOLDER_PATH)/MacLandmarks";
			};
			name = Debug;
		};
		BE41D9322BE998C800329BF4 /* Release */ = {
			isa = XCBuildConfiguration;
			buildSettings = {
				ALWAYS_EMBED_SWIFT_STANDARD_LIBRARIES = YES;
				BUNDLE_LOADER = "$(TEST_HOST)";
				CODE_SIGN_STYLE = Automatic;
				CURRENT_PROJECT_VERSION = 1;
				DEVELOPMENT_TEAM = 6W3K7UNFYX;
				GENERATE_INFOPLIST_FILE = YES;
				MACOSX_DEPLOYMENT_TARGET = 14.4;
				MARKETING_VERSION = 1.0;
				PRODUCT_BUNDLE_IDENTIFIER = com.marcustwichel.MacLandmarksTests;
				PRODUCT_NAME = "$(TARGET_NAME)";
				SDKROOT = macosx;
				SWIFT_EMIT_LOC_STRINGS = NO;
				SWIFT_VERSION = 5.0;
				TEST_HOST = "$(BUILT_PRODUCTS_DIR)/MacLandmarks.app/$(BUNDLE_EXECUTABLE_FOLDER_PATH)/MacLandmarks";
			};
			name = Release;
		};
		BE41D9342BE998C800329BF4 /* Debug */ = {
			isa = XCBuildConfiguration;
			buildSettings = {
				ALWAYS_EMBED_SWIFT_STANDARD_LIBRARIES = YES;
				CODE_SIGN_STYLE = Automatic;
				CURRENT_PROJECT_VERSION = 1;
				DEVELOPMENT_TEAM = 6W3K7UNFYX;
				GENERATE_INFOPLIST_FILE = YES;
				MACOSX_DEPLOYMENT_TARGET = 14.4;
				MARKETING_VERSION = 1.0;
				PRODUCT_BUNDLE_IDENTIFIER = com.marcustwichel.MacLandmarksUITests;
				PRODUCT_NAME = "$(TARGET_NAME)";
				SDKROOT = macosx;
				SWIFT_EMIT_LOC_STRINGS = NO;
				SWIFT_VERSION = 5.0;
				TEST_TARGET_NAME = MacLandmarks;
			};
			name = Debug;
		};
		BE41D9352BE998C800329BF4 /* Release */ = {
			isa = XCBuildConfiguration;
			buildSettings = {
				ALWAYS_EMBED_SWIFT_STANDARD_LIBRARIES = YES;
				CODE_SIGN_STYLE = Automatic;
				CURRENT_PROJECT_VERSION = 1;
				DEVELOPMENT_TEAM = 6W3K7UNFYX;
				GENERATE_INFOPLIST_FILE = YES;
				MACOSX_DEPLOYMENT_TARGET = 14.4;
				MARKETING_VERSION = 1.0;
				PRODUCT_BUNDLE_IDENTIFIER = com.marcustwichel.MacLandmarksUITests;
				PRODUCT_NAME = "$(TARGET_NAME)";
				SDKROOT = macosx;
				SWIFT_EMIT_LOC_STRINGS = NO;
				SWIFT_VERSION = 5.0;
				TEST_TARGET_NAME = MacLandmarks;
			};
			name = Release;
		};
/* End XCBuildConfiguration section */

/* Begin XCConfigurationList section */
		45EF28D22B5F307300B57F1C /* Build configuration list for PBXProject "Landmarks" */ = {
			isa = XCConfigurationList;
			buildConfigurations = (
				45EF28F92B5F307600B57F1C /* Debug */,
				45EF28FA2B5F307600B57F1C /* Release */,
			);
			defaultConfigurationIsVisible = 0;
			defaultConfigurationName = Release;
		};
		45EF28FB2B5F307600B57F1C /* Build configuration list for PBXNativeTarget "Landmarks" */ = {
			isa = XCConfigurationList;
			buildConfigurations = (
				45EF28FC2B5F307600B57F1C /* Debug */,
				45EF28FD2B5F307600B57F1C /* Release */,
			);
			defaultConfigurationIsVisible = 0;
			defaultConfigurationName = Release;
		};
		45EF28FE2B5F307600B57F1C /* Build configuration list for PBXNativeTarget "LandmarksTests" */ = {
			isa = XCConfigurationList;
			buildConfigurations = (
				45EF28FF2B5F307600B57F1C /* Debug */,
				45EF29002B5F307600B57F1C /* Release */,
			);
			defaultConfigurationIsVisible = 0;
			defaultConfigurationName = Release;
		};
		45EF29012B5F307600B57F1C /* Build configuration list for PBXNativeTarget "LandmarksUITests" */ = {
			isa = XCConfigurationList;
			buildConfigurations = (
				45EF29022B5F307600B57F1C /* Debug */,
				45EF29032B5F307600B57F1C /* Release */,
			);
			defaultConfigurationIsVisible = 0;
			defaultConfigurationName = Release;
		};
		BE41D8F12BE97D7F00329BF4 /* Build configuration list for PBXNativeTarget "WatchLandmarks Watch App" */ = {
			isa = XCConfigurationList;
			buildConfigurations = (
				BE41D8EB2BE97D7F00329BF4 /* Debug */,
				BE41D8EC2BE97D7F00329BF4 /* Release */,
			);
			defaultConfigurationIsVisible = 0;
			defaultConfigurationName = Release;
		};
		BE41D8F22BE97D7F00329BF4 /* Build configuration list for PBXNativeTarget "WatchLandmarks Watch AppTests" */ = {
			isa = XCConfigurationList;
			buildConfigurations = (
				BE41D8ED2BE97D7F00329BF4 /* Debug */,
				BE41D8EE2BE97D7F00329BF4 /* Release */,
			);
			defaultConfigurationIsVisible = 0;
			defaultConfigurationName = Release;
		};
		BE41D8F32BE97D7F00329BF4 /* Build configuration list for PBXNativeTarget "WatchLandmarks Watch AppUITests" */ = {
			isa = XCConfigurationList;
			buildConfigurations = (
				BE41D8EF2BE97D7F00329BF4 /* Debug */,
				BE41D8F02BE97D7F00329BF4 /* Release */,
			);
			defaultConfigurationIsVisible = 0;
			defaultConfigurationName = Release;
		};
		BE41D92D2BE998C800329BF4 /* Build configuration list for PBXNativeTarget "MacLandmarks" */ = {
			isa = XCConfigurationList;
			buildConfigurations = (
				BE41D92E2BE998C800329BF4 /* Debug */,
				BE41D92F2BE998C800329BF4 /* Release */,
			);
			defaultConfigurationIsVisible = 0;
			defaultConfigurationName = Release;
		};
		BE41D9302BE998C800329BF4 /* Build configuration list for PBXNativeTarget "MacLandmarksTests" */ = {
			isa = XCConfigurationList;
			buildConfigurations = (
				BE41D9312BE998C800329BF4 /* Debug */,
				BE41D9322BE998C800329BF4 /* Release */,
			);
			defaultConfigurationIsVisible = 0;
			defaultConfigurationName = Release;
		};
		BE41D9332BE998C800329BF4 /* Build configuration list for PBXNativeTarget "MacLandmarksUITests" */ = {
			isa = XCConfigurationList;
			buildConfigurations = (
				BE41D9342BE998C800329BF4 /* Debug */,
				BE41D9352BE998C800329BF4 /* Release */,
			);
			defaultConfigurationIsVisible = 0;
			defaultConfigurationName = Release;
		};
/* End XCConfigurationList section */
	};
	rootObject = 45EF28CF2B5F307300B57F1C /* Project object */;
}
